// !$*UTF8*$!
{
	archiveVersion = 1;
	classes = {
	};
	objectVersion = 56;
	objects = {

/* Begin PBXBuildFile section */
		43CA41D12F89724100D11E7D /* LocationManager.swift in Sources */ = {isa = PBXBuildFile; fileRef = 43CA41D02F89724100D11E7D /* LocationManager.swift */; };
		43CA41D32F89730100D11E7D /* EventMapView.swift in Sources */ = {isa = PBXBuildFile; fileRef = 43CA41D22F89730100D11E7D /* EventMapView.swift */; };
		A1000001000000000000001A /* ResistorApp.swift in Sources */ = {isa = PBXBuildFile; fileRef = A1000001000000000000000A /* ResistorApp.swift */; };
		A1000002000000000000001A /* ContentView.swift in Sources */ = {isa = PBXBuildFile; fileRef = A1000002000000000000000A /* ContentView.swift */; };
		A1000003000000000000001A /* LogView.swift in Sources */ = {isa = PBXBuildFile; fileRef = A1000003000000000000000A /* LogView.swift */; };
		A1000004000000000000001A /* OnboardingView.swift in Sources */ = {isa = PBXBuildFile; fileRef = A1000004000000000000000A /* OnboardingView.swift */; };
		A1000005000000000000001A /* HabitsView.swift in Sources */ = {isa = PBXBuildFile; fileRef = A1000005000000000000000A /* HabitsView.swift */; };
		A1000006000000000000001A /* InsightsView.swift in Sources */ = {isa = PBXBuildFile; fileRef = A1000006000000000000000A /* InsightsView.swift */; };
		A1000007000000000000001A /* LogViewModel.swift in Sources */ = {isa = PBXBuildFile; fileRef = A1000007000000000000000A /* LogViewModel.swift */; };
		A1000008000000000000001A /* OnboardingViewModel.swift in Sources */ = {isa = PBXBuildFile; fileRef = A1000008000000000000000A /* OnboardingViewModel.swift */; };
		A1000009000000000000001A /* HabitsViewModel.swift in Sources */ = {isa = PBXBuildFile; fileRef = A1000009000000000000000A /* HabitsViewModel.swift */; };
		A100000A000000000000001A /* InsightsViewModel.swift in Sources */ = {isa = PBXBuildFile; fileRef = A100000A000000000000000A /* InsightsViewModel.swift */; };
		A100000B000000000000001A /* Habit.swift in Sources */ = {isa = PBXBuildFile; fileRef = A100000B000000000000000A /* Habit.swift */; };
		A100000C000000000000001A /* TemptationEvent.swift in Sources */ = {isa = PBXBuildFile; fileRef = A100000C000000000000000A /* TemptationEvent.swift */; };
		A100000D000000000000001A /* UserSettings.swift in Sources */ = {isa = PBXBuildFile; fileRef = A100000D000000000000000A /* UserSettings.swift */; };
		A100000E000000000000001A /* Color+Hex.swift in Sources */ = {isa = PBXBuildFile; fileRef = A100000E000000000000000A /* Color+Hex.swift */; };
		A100000F000000000000001A /* Assets.xcassets in Resources */ = {isa = PBXBuildFile; fileRef = A100000F000000000000000A /* Assets.xcassets */; };
		A1000011000000000000001A /* HistoryView.swift in Sources */ = {isa = PBXBuildFile; fileRef = A1000011000000000000000A /* HistoryView.swift */; };
		A1000012000000000000001A /* TipJarViewModel.swift in Sources */ = {isa = PBXBuildFile; fileRef = A1000012000000000000000A /* TipJarViewModel.swift */; };
		A1000015000000000000001A /* DataExporter.swift in Sources */ = {isa = PBXBuildFile; fileRef = A1000015000000000000000A /* DataExporter.swift */; };
		B2000001000000000000001A /* TestHelpers.swift in Sources */ = {isa = PBXBuildFile; fileRef = B2000001000000000000000A /* TestHelpers.swift */; };
		B2000002000000000000001A /* InsightsViewModelTests.swift in Sources */ = {isa = PBXBuildFile; fileRef = B2000002000000000000000A /* InsightsViewModelTests.swift */; };
		B2000003000000000000001A /* TemptationEventTests.swift in Sources */ = {isa = PBXBuildFile; fileRef = B2000003000000000000000A /* TemptationEventTests.swift */; };
		B2000004000000000000001A /* HabitsViewModelTests.swift in Sources */ = {isa = PBXBuildFile; fileRef = B2000004000000000000000A /* HabitsViewModelTests.swift */; };
		B2000005000000000000001A /* LogViewModelTests.swift in Sources */ = {isa = PBXBuildFile; fileRef = B2000005000000000000000A /* LogViewModelTests.swift */; };
		B2000006000000000000001A /* ColorHexTests.swift in Sources */ = {isa = PBXBuildFile; fileRef = B2000006000000000000000A /* ColorHexTests.swift */; };
		B2000007000000000000001A /* OnboardingViewModelTests.swift in Sources */ = {isa = PBXBuildFile; fileRef = B2000007000000000000000A /* OnboardingViewModelTests.swift */; };
		B2000008000000000000001A /* HabitTests.swift in Sources */ = {isa = PBXBuildFile; fileRef = B2000008000000000000000A /* HabitTests.swift */; };
		B2000009000000000000001A /* UserSettingsTests.swift in Sources */ = {isa = PBXBuildFile; fileRef = B2000009000000000000000A /* UserSettingsTests.swift */; };
		B200000A000000000000001A /* IntegrationTests.swift in Sources */ = {isa = PBXBuildFile; fileRef = B200000A000000000000000A /* IntegrationTests.swift */; };
		B200000B000000000000001A /* InsightsViewModelPerformanceTests.swift in Sources */ = {isa = PBXBuildFile; fileRef = B200000B000000000000000A /* InsightsViewModelPerformanceTests.swift */; };
		B200000C000000000000001A /* TipJarViewModelTests.swift in Sources */ = {isa = PBXBuildFile; fileRef = B200000C000000000000000A /* TipJarViewModelTests.swift */; };
		B200000D000000000000001A /* DataExporterTests.swift in Sources */ = {isa = PBXBuildFile; fileRef = B200000D000000000000000A /* DataExporterTests.swift */; };
/* End PBXBuildFile section */

/* Begin PBXContainerItemProxy section */
		B2000001000000000000007A /* PBXContainerItemProxy */ = {
			isa = PBXContainerItemProxy;
			containerPortal = A1000000000000000000005A /* Project object */;
			proxyType = 1;
			remoteGlobalIDString = A1000000000000000000004A;
			remoteInfo = Resistor;
		};
/* End PBXContainerItemProxy section */

/* Begin PBXFileReference section */
		43CA41CF2F890C0100D11E7D /* Resistor.entitlements */ = {isa = PBXFileReference; lastKnownFileType = text.plist.entitlements; path = Resistor.entitlements; sourceTree = "<group>"; };
		43CA41D02F89724100D11E7D /* LocationManager.swift */ = {isa = PBXFileReference; lastKnownFileType = sourcecode.swift; path = LocationManager.swift; sourceTree = "<group>"; };
		43CA41D22F89730100D11E7D /* EventMapView.swift */ = {isa = PBXFileReference; lastKnownFileType = sourcecode.swift; path = EventMapView.swift; sourceTree = "<group>"; };
		A1000000000000000000000A /* Resistor.app */ = {isa = PBXFileReference; explicitFileType = wrapper.application; includeInIndex = 0; path = Resistor.app; sourceTree = BUILT_PRODUCTS_DIR; };
		A1000001000000000000000A /* ResistorApp.swift */ = {isa = PBXFileReference; lastKnownFileType = sourcecode.swift; path = ResistorApp.swift; sourceTree = "<group>"; };
		A1000002000000000000000A /* ContentView.swift */ = {isa = PBXFileReference; lastKnownFileType = sourcecode.swift; path = ContentView.swift; sourceTree = "<group>"; };
		A1000003000000000000000A /* LogView.swift */ = {isa = PBXFileReference; lastKnownFileType = sourcecode.swift; path = LogView.swift; sourceTree = "<group>"; };
		A1000004000000000000000A /* OnboardingView.swift */ = {isa = PBXFileReference; lastKnownFileType = sourcecode.swift; path = OnboardingView.swift; sourceTree = "<group>"; };
		A1000005000000000000000A /* HabitsView.swift */ = {isa = PBXFileReference; lastKnownFileType = sourcecode.swift; path = HabitsView.swift; sourceTree = "<group>"; };
		A1000006000000000000000A /* InsightsView.swift */ = {isa = PBXFileReference; lastKnownFileType = sourcecode.swift; path = InsightsView.swift; sourceTree = "<group>"; };
		A1000007000000000000000A /* LogViewModel.swift */ = {isa = PBXFileReference; lastKnownFileType = sourcecode.swift; path = LogViewModel.swift; sourceTree = "<group>"; };
		A1000008000000000000000A /* OnboardingViewModel.swift */ = {isa = PBXFileReference; lastKnownFileType = sourcecode.swift; path = OnboardingViewModel.swift; sourceTree = "<group>"; };
		A1000009000000000000000A /* HabitsViewModel.swift */ = {isa = PBXFileReference; lastKnownFileType = sourcecode.swift; path = HabitsViewModel.swift; sourceTree = "<group>"; };
		A100000A000000000000000A /* InsightsViewModel.swift */ = {isa = PBXFileReference; lastKnownFileType = sourcecode.swift; path = InsightsViewModel.swift; sourceTree = "<group>"; };
		A100000B000000000000000A /* Habit.swift */ = {isa = PBXFileReference; lastKnownFileType = sourcecode.swift; path = Habit.swift; sourceTree = "<group>"; };
		A100000C000000000000000A /* TemptationEvent.swift */ = {isa = PBXFileReference; lastKnownFileType = sourcecode.swift; path = TemptationEvent.swift; sourceTree = "<group>"; };
		A100000D000000000000000A /* UserSettings.swift */ = {isa = PBXFileReference; lastKnownFileType = sourcecode.swift; path = UserSettings.swift; sourceTree = "<group>"; };
		A100000E000000000000000A /* Color+Hex.swift */ = {isa = PBXFileReference; lastKnownFileType = sourcecode.swift; path = "Color+Hex.swift"; sourceTree = "<group>"; };
		A100000F000000000000000A /* Assets.xcassets */ = {isa = PBXFileReference; lastKnownFileType = folder.assetcatalog; path = Assets.xcassets; sourceTree = "<group>"; };
		A1000011000000000000000A /* HistoryView.swift */ = {isa = PBXFileReference; lastKnownFileType = sourcecode.swift; path = HistoryView.swift; sourceTree = "<group>"; };
		A1000012000000000000000A /* TipJarViewModel.swift */ = {isa = PBXFileReference; lastKnownFileType = sourcecode.swift; path = TipJarViewModel.swift; sourceTree = "<group>"; };
		A1000013000000000000000A /* Resistor.entitlements */ = {isa = PBXFileReference; lastKnownFileType = text.plist.entitlements; path = Resistor.entitlements; sourceTree = "<group>"; };
		A1000014000000000000000A /* TipJar.storekit */ = {isa = PBXFileReference; lastKnownFileType = text; path = TipJar.storekit; sourceTree = "<group>"; };
		A1000015000000000000000A /* DataExporter.swift */ = {isa = PBXFileReference; lastKnownFileType = sourcecode.swift; path = DataExporter.swift; sourceTree = "<group>"; };
		B2000000000000000000000A /* ResistorTests.xctest */ = {isa = PBXFileReference; explicitFileType = wrapper.cfbundle; includeInIndex = 0; path = ResistorTests.xctest; sourceTree = BUILT_PRODUCTS_DIR; };
		B2000001000000000000000A /* TestHelpers.swift */ = {isa = PBXFileReference; lastKnownFileType = sourcecode.swift; path = TestHelpers.swift; sourceTree = "<group>"; };
		B2000002000000000000000A /* InsightsViewModelTests.swift */ = {isa = PBXFileReference; lastKnownFileType = sourcecode.swift; path = InsightsViewModelTests.swift; sourceTree = "<group>"; };
		B2000003000000000000000A /* TemptationEventTests.swift */ = {isa = PBXFileReference; lastKnownFileType = sourcecode.swift; path = TemptationEventTests.swift; sourceTree = "<group>"; };
		B2000004000000000000000A /* HabitsViewModelTests.swift */ = {isa = PBXFileReference; lastKnownFileType = sourcecode.swift; path = HabitsViewModelTests.swift; sourceTree = "<group>"; };
		B2000005000000000000000A /* LogViewModelTests.swift */ = {isa = PBXFileReference; lastKnownFileType = sourcecode.swift; path = LogViewModelTests.swift; sourceTree = "<group>"; };
		B2000006000000000000000A /* ColorHexTests.swift */ = {isa = PBXFileReference; lastKnownFileType = sourcecode.swift; path = ColorHexTests.swift; sourceTree = "<group>"; };
		B2000007000000000000000A /* OnboardingViewModelTests.swift */ = {isa = PBXFileReference; lastKnownFileType = sourcecode.swift; path = OnboardingViewModelTests.swift; sourceTree = "<group>"; };
		B2000008000000000000000A /* HabitTests.swift */ = {isa = PBXFileReference; lastKnownFileType = sourcecode.swift; path = HabitTests.swift; sourceTree = "<group>"; };
		B2000009000000000000000A /* UserSettingsTests.swift */ = {isa = PBXFileReference; lastKnownFileType = sourcecode.swift; path = UserSettingsTests.swift; sourceTree = "<group>"; };
		B200000A000000000000000A /* IntegrationTests.swift */ = {isa = PBXFileReference; lastKnownFileType = sourcecode.swift; path = IntegrationTests.swift; sourceTree = "<group>"; };
		B200000B000000000000000A /* InsightsViewModelPerformanceTests.swift */ = {isa = PBXFileReference; lastKnownFileType = sourcecode.swift; path = InsightsViewModelPerformanceTests.swift; sourceTree = "<group>"; };
		B200000C000000000000000A /* TipJarViewModelTests.swift */ = {isa = PBXFileReference; lastKnownFileType = sourcecode.swift; path = TipJarViewModelTests.swift; sourceTree = "<group>"; };
		B200000D000000000000000A /* DataExporterTests.swift */ = {isa = PBXFileReference; lastKnownFileType = sourcecode.swift; path = DataExporterTests.swift; sourceTree = "<group>"; };
/* End PBXFileReference section */

/* Begin PBXFrameworksBuildPhase section */
		A1000000000000000000002A /* Frameworks */ = {
			isa = PBXFrameworksBuildPhase;
			buildActionMask = 2147483647;
			files = (
			);
			runOnlyForDeploymentPostprocessing = 0;
		};
		B2000000000000000000002A /* Frameworks */ = {
			isa = PBXFrameworksBuildPhase;
			buildActionMask = 2147483647;
			files = (
			);
			runOnlyForDeploymentPostprocessing = 0;
		};
/* End PBXFrameworksBuildPhase section */

/* Begin PBXGroup section */
		A1000000000000000000003A = {
			isa = PBXGroup;
			children = (
				A1000001000000000000003A /* Resistor */,
				B2000001000000000000003A /* ResistorTests */,
				A1000002000000000000003A /* Products */,
			);
			sourceTree = "<group>";
		};
		A1000001000000000000003A /* Resistor */ = {
			isa = PBXGroup;
			children = (
				43CA41CF2F890C0100D11E7D /* Resistor.entitlements */,
				A1000001000000000000000A /* ResistorApp.swift */,
				A1000003000000000000003A /* Models */,
				A1000004000000000000003A /* Views */,
				A1000005000000000000003A /* ViewModels */,
				A1000006000000000000003A /* Extensions */,
				A1000007000000000000003A /* Services */,
				A100000F000000000000000A /* Assets.xcassets */,
				A1000013000000000000000A /* Resistor.entitlements */,
				A1000014000000000000000A /* TipJar.storekit */,
			);
			path = Resistor;
			sourceTree = "<group>";
		};
		A1000002000000000000003A /* Products */ = {
			isa = PBXGroup;
			children = (
				A1000000000000000000000A /* Resistor.app */,
				B2000000000000000000000A /* ResistorTests.xctest */,
			);
			name = Products;
			sourceTree = "<group>";
		};
		A1000003000000000000003A /* Models */ = {
			isa = PBXGroup;
			children = (
				A100000B000000000000000A /* Habit.swift */,
				A100000C000000000000000A /* TemptationEvent.swift */,
				A100000D000000000000000A /* UserSettings.swift */,
			);
			path = Models;
			sourceTree = "<group>";
		};
		A1000004000000000000003A /* Views */ = {
			isa = PBXGroup;
			children = (
				A1000002000000000000000A /* ContentView.swift */,
				A1000003000000000000000A /* LogView.swift */,
				A1000004000000000000000A /* OnboardingView.swift */,
				A1000005000000000000000A /* HabitsView.swift */,
				A1000006000000000000000A /* InsightsView.swift */,
				A1000011000000000000000A /* HistoryView.swift */,
				43CA41D22F89730100D11E7D /* EventMapView.swift */,
			);
			path = Views;
			sourceTree = "<group>";
		};
		A1000005000000000000003A /* ViewModels */ = {
			isa = PBXGroup;
			children = (
				A1000007000000000000000A /* LogViewModel.swift */,
				A1000008000000000000000A /* OnboardingViewModel.swift */,
				A1000009000000000000000A /* HabitsViewModel.swift */,
				A100000A000000000000000A /* InsightsViewModel.swift */,
				A1000012000000000000000A /* TipJarViewModel.swift */,
			);
			path = ViewModels;
			sourceTree = "<group>";
		};
		A1000006000000000000003A /* Extensions */ = {
			isa = PBXGroup;
			children = (
				A100000E000000000000000A /* Color+Hex.swift */,
			);
			path = Extensions;
			sourceTree = "<group>";
		};
		A1000007000000000000003A /* Services */ = {
			isa = PBXGroup;
			children = (
				A1000015000000000000000A /* DataExporter.swift */,
				43CA41D02F89724100D11E7D /* LocationManager.swift */,
			);
			path = Services;
			sourceTree = "<group>";
		};
		B2000001000000000000003A /* ResistorTests */ = {
			isa = PBXGroup;
			children = (
				B2000001000000000000000A /* TestHelpers.swift */,
				B2000002000000000000000A /* InsightsViewModelTests.swift */,
				B2000003000000000000000A /* TemptationEventTests.swift */,
				B2000004000000000000000A /* HabitsViewModelTests.swift */,
				B2000005000000000000000A /* LogViewModelTests.swift */,
				B2000006000000000000000A /* ColorHexTests.swift */,
				B2000007000000000000000A /* OnboardingViewModelTests.swift */,
				B2000008000000000000000A /* HabitTests.swift */,
				B2000009000000000000000A /* UserSettingsTests.swift */,
				B200000A000000000000000A /* IntegrationTests.swift */,
				B200000B000000000000000A /* InsightsViewModelPerformanceTests.swift */,
				B200000C000000000000000A /* TipJarViewModelTests.swift */,
				B200000D000000000000000A /* DataExporterTests.swift */,
			);
			path = ResistorTests;
			sourceTree = "<group>";
		};
/* End PBXGroup section */

/* Begin PBXNativeTarget section */
		A1000000000000000000004A /* Resistor */ = {
			isa = PBXNativeTarget;
			buildConfigurationList = A1000002000000000000005A /* Build configuration list for PBXNativeTarget "Resistor" */;
			buildPhases = (
				A1000001000000000000004A /* Sources */,
				A1000000000000000000002A /* Frameworks */,
				A1000002000000000000004A /* Resources */,
			);
			buildRules = (
			);
			dependencies = (
			);
			name = Resistor;
			productName = Resistor;
			productReference = A1000000000000000000000A /* Resistor.app */;
			productType = "com.apple.product-type.application";
		};
		B2000000000000000000004A /* ResistorTests */ = {
			isa = PBXNativeTarget;
			buildConfigurationList = B2000001000000000000005A /* Build configuration list for PBXNativeTarget "ResistorTests" */;
			buildPhases = (
				B2000001000000000000004A /* Sources */,
				B2000000000000000000002A /* Frameworks */,
			);
			buildRules = (
			);
			dependencies = (
				B2000001000000000000008A /* PBXTargetDependency */,
			);
			name = ResistorTests;
			productName = ResistorTests;
			productReference = B2000000000000000000000A /* ResistorTests.xctest */;
			productType = "com.apple.product-type.bundle.unit-test";
		};
/* End PBXNativeTarget section */

/* Begin PBXProject section */
		A1000000000000000000005A /* Project object */ = {
			isa = PBXProject;
			attributes = {
				BuildIndependentTargetsInParallel = 1;
				LastSwiftUpdateCheck = 1500;
				LastUpgradeCheck = 2630;
				TargetAttributes = {
					A1000000000000000000004A = {
						CreatedOnToolsVersion = 15.0;
					};
					B2000000000000000000004A = {
						CreatedOnToolsVersion = 15.0;
						TestTargetID = A1000000000000000000004A;
					};
				};
			};
			buildConfigurationList = A1000001000000000000005A /* Build configuration list for PBXProject "Resistor" */;
			compatibilityVersion = "Xcode 14.0";
			developmentRegion = en;
			hasScannedForEncodings = 0;
			knownRegions = (
				en,
				Base,
			);
			mainGroup = A1000000000000000000003A;
			productRefGroup = A1000002000000000000003A /* Products */;
			projectDirPath = "";
			projectRoot = "";
			targets = (
				A1000000000000000000004A /* Resistor */,
				B2000000000000000000004A /* ResistorTests */,
			);
		};
/* End PBXProject section */

/* Begin PBXResourcesBuildPhase section */
		A1000002000000000000004A /* Resources */ = {
			isa = PBXResourcesBuildPhase;
			buildActionMask = 2147483647;
			files = (
				A100000F000000000000001A /* Assets.xcassets in Resources */,
			);
			runOnlyForDeploymentPostprocessing = 0;
		};
/* End PBXResourcesBuildPhase section */

/* Begin PBXSourcesBuildPhase section */
		A1000001000000000000004A /* Sources */ = {
			isa = PBXSourcesBuildPhase;
			buildActionMask = 2147483647;
			files = (
				A1000001000000000000001A /* ResistorApp.swift in Sources */,
				A1000002000000000000001A /* ContentView.swift in Sources */,
				A1000003000000000000001A /* LogView.swift in Sources */,
				43CA41D32F89730100D11E7D /* EventMapView.swift in Sources */,
				A1000004000000000000001A /* OnboardingView.swift in Sources */,
				A1000005000000000000001A /* HabitsView.swift in Sources */,
				A1000006000000000000001A /* InsightsView.swift in Sources */,
				A1000007000000000000001A /* LogViewModel.swift in Sources */,
				A1000008000000000000001A /* OnboardingViewModel.swift in Sources */,
				43CA41D12F89724100D11E7D /* LocationManager.swift in Sources */,
				A1000009000000000000001A /* HabitsViewModel.swift in Sources */,
				A100000A000000000000001A /* InsightsViewModel.swift in Sources */,
				A100000B000000000000001A /* Habit.swift in Sources */,
				A100000C000000000000001A /* TemptationEvent.swift in Sources */,
				A100000D000000000000001A /* UserSettings.swift in Sources */,
				A100000E000000000000001A /* Color+Hex.swift in Sources */,
				A1000011000000000000001A /* HistoryView.swift in Sources */,
				A1000012000000000000001A /* TipJarViewModel.swift in Sources */,
				A1000015000000000000001A /* DataExporter.swift in Sources */,
			);
			runOnlyForDeploymentPostprocessing = 0;
		};
		B2000001000000000000004A /* Sources */ = {
			isa = PBXSourcesBuildPhase;
			buildActionMask = 2147483647;
			files = (
				B2000001000000000000001A /* TestHelpers.swift in Sources */,
				B2000002000000000000001A /* InsightsViewModelTests.swift in Sources */,
				B2000003000000000000001A /* TemptationEventTests.swift in Sources */,
				B2000004000000000000001A /* HabitsViewModelTests.swift in Sources */,
				B2000005000000000000001A /* LogViewModelTests.swift in Sources */,
				B2000006000000000000001A /* ColorHexTests.swift in Sources */,
				B2000007000000000000001A /* OnboardingViewModelTests.swift in Sources */,
				B2000008000000000000001A /* HabitTests.swift in Sources */,
				B2000009000000000000001A /* UserSettingsTests.swift in Sources */,
				B200000A000000000000001A /* IntegrationTests.swift in Sources */,
				B200000B000000000000001A /* InsightsViewModelPerformanceTests.swift in Sources */,
				B200000C000000000000001A /* TipJarViewModelTests.swift in Sources */,
				B200000D000000000000001A /* DataExporterTests.swift in Sources */,
			);
			runOnlyForDeploymentPostprocessing = 0;
		};
/* End PBXSourcesBuildPhase section */

/* Begin PBXTargetDependency section */
		B2000001000000000000008A /* PBXTargetDependency */ = {
			isa = PBXTargetDependency;
			target = A1000000000000000000004A /* Resistor */;
			targetProxy = B2000001000000000000007A /* PBXContainerItemProxy */;
		};
/* End PBXTargetDependency section */

/* Begin XCBuildConfiguration section */
		A1000001000000000000006A /* Debug */ = {
			isa = XCBuildConfiguration;
			buildSettings = {
				ALWAYS_SEARCH_USER_PATHS = NO;
				ASSETCATALOG_COMPILER_GENERATE_SWIFT_ASSET_SYMBOL_EXTENSIONS = YES;
				CLANG_ANALYZER_NONNULL = YES;
				CLANG_ANALYZER_NUMBER_OBJECT_CONVERSION = YES_AGGRESSIVE;
				CLANG_CXX_LANGUAGE_STANDARD = "gnu++20";
				CLANG_ENABLE_MODULES = YES;
				CLANG_ENABLE_OBJC_ARC = YES;
				CLANG_ENABLE_OBJC_WEAK = YES;
				CLANG_WARN_BLOCK_CAPTURE_AUTORELEASING = YES;
				CLANG_WARN_BOOL_CONVERSION = YES;
				CLANG_WARN_COMMA = YES;
				CLANG_WARN_CONSTANT_CONVERSION = YES;
				CLANG_WARN_DEPRECATED_OBJC_IMPLEMENTATIONS = YES;
				CLANG_WARN_DIRECT_OBJC_ISA_USAGE = YES_ERROR;
				CLANG_WARN_DOCUMENTATION_COMMENTS = YES;
				CLANG_WARN_EMPTY_BODY = YES;
				CLANG_WARN_ENUM_CONVERSION = YES;
				CLANG_WARN_INFINITE_RECURSION = YES;
				CLANG_WARN_INT_CONVERSION = YES;
				CLANG_WARN_NON_LITERAL_NULL_CONVERSION = YES;
				CLANG_WARN_OBJC_IMPLICIT_RETAIN_SELF = YES;
				CLANG_WARN_OBJC_LITERAL_CONVERSION = YES;
				CLANG_WARN_OBJC_ROOT_CLASS = YES_ERROR;
				CLANG_WARN_QUOTED_INCLUDE_IN_FRAMEWORK_HEADER = YES;
				CLANG_WARN_RANGE_LOOP_ANALYSIS = YES;
				CLANG_WARN_STRICT_PROTOTYPES = YES;
				CLANG_WARN_SUSPICIOUS_MOVE = YES;
				CLANG_WARN_UNGUARDED_AVAILABILITY = YES_AGGRESSIVE;
				CLANG_WARN_UNREACHABLE_CODE = YES;
				CLANG_WARN__DUPLICATE_METHOD_MATCH = YES;
				COPY_PHASE_STRIP = NO;
				DEBUG_INFORMATION_FORMAT = dwarf;
				DEVELOPMENT_TEAM = HBXLU45HR7;
				ENABLE_STRICT_OBJC_MSGSEND = YES;
				ENABLE_TESTABILITY = YES;
				ENABLE_USER_SCRIPT_SANDBOXING = YES;
				GCC_C_LANGUAGE_STANDARD = gnu17;
				GCC_DYNAMIC_NO_PIC = NO;
				GCC_NO_COMMON_BLOCKS = YES;
				GCC_OPTIMIZATION_LEVEL = 0;
				GCC_PREPROCESSOR_DEFINITIONS = (
					"DEBUG=1",
					"$(inherited)",
				);
				GCC_WARN_64_TO_32_BIT_CONVERSION = YES;
				GCC_WARN_ABOUT_RETURN_TYPE = YES_ERROR;
				GCC_WARN_UNDECLARED_SELECTOR = YES;
				GCC_WARN_UNINITIALIZED_AUTOS = YES_AGGRESSIVE;
				GCC_WARN_UNUSED_FUNCTION = YES;
				GCC_WARN_UNUSED_VARIABLE = YES;
				IPHONEOS_DEPLOYMENT_TARGET = 17.0;
				LOCALIZATION_PREFERS_STRING_CATALOGS = YES;
				MTL_ENABLE_DEBUG_INFO = INCLUDE_SOURCE;
				MTL_FAST_MATH = YES;
				ONLY_ACTIVE_ARCH = YES;
				SDKROOT = iphoneos;
				STRING_CATALOG_GENERATE_SYMBOLS = YES;
				SWIFT_ACTIVE_COMPILATION_CONDITIONS = "DEBUG $(inherited)";
				SWIFT_OPTIMIZATION_LEVEL = "-Onone";
			};
			name = Debug;
		};
		A1000002000000000000006A /* Release */ = {
			isa = XCBuildConfiguration;
			buildSettings = {
				ALWAYS_SEARCH_USER_PATHS = NO;
				ASSETCATALOG_COMPILER_GENERATE_SWIFT_ASSET_SYMBOL_EXTENSIONS = YES;
				CLANG_ANALYZER_NONNULL = YES;
				CLANG_ANALYZER_NUMBER_OBJECT_CONVERSION = YES_AGGRESSIVE;
				CLANG_CXX_LANGUAGE_STANDARD = "gnu++20";
				CLANG_ENABLE_MODULES = YES;
				CLANG_ENABLE_OBJC_ARC = YES;
				CLANG_ENABLE_OBJC_WEAK = YES;
				CLANG_WARN_BLOCK_CAPTURE_AUTORELEASING = YES;
				CLANG_WARN_BOOL_CONVERSION = YES;
				CLANG_WARN_COMMA = YES;
				CLANG_WARN_CONSTANT_CONVERSION = YES;
				CLANG_WARN_DEPRECATED_OBJC_IMPLEMENTATIONS = YES;
				CLANG_WARN_DIRECT_OBJC_ISA_USAGE = YES_ERROR;
				CLANG_WARN_DOCUMENTATION_COMMENTS = YES;
				CLANG_WARN_EMPTY_BODY = YES;
				CLANG_WARN_ENUM_CONVERSION = YES;
				CLANG_WARN_INFINITE_RECURSION = YES;
				CLANG_WARN_INT_CONVERSION = YES;
				CLANG_WARN_NON_LITERAL_NULL_CONVERSION = YES;
				CLANG_WARN_OBJC_IMPLICIT_RETAIN_SELF = YES;
				CLANG_WARN_OBJC_LITERAL_CONVERSION = YES;
				CLANG_WARN_OBJC_ROOT_CLASS = YES_ERROR;
				CLANG_WARN_QUOTED_INCLUDE_IN_FRAMEWORK_HEADER = YES;
				CLANG_WARN_RANGE_LOOP_ANALYSIS = YES;
				CLANG_WARN_STRICT_PROTOTYPES = YES;
				CLANG_WARN_SUSPICIOUS_MOVE = YES;
				CLANG_WARN_UNGUARDED_AVAILABILITY = YES_AGGRESSIVE;
				CLANG_WARN_UNREACHABLE_CODE = YES;
				CLANG_WARN__DUPLICATE_METHOD_MATCH = YES;
				COPY_PHASE_STRIP = NO;
				DEBUG_INFORMATION_FORMAT = "dwarf-with-dsym";
				DEVELOPMENT_TEAM = HBXLU45HR7;
				ENABLE_NS_ASSERTIONS = NO;
				ENABLE_STRICT_OBJC_MSGSEND = YES;
				ENABLE_USER_SCRIPT_SANDBOXING = YES;
				GCC_C_LANGUAGE_STANDARD = gnu17;
				GCC_NO_COMMON_BLOCKS = YES;
				GCC_WARN_64_TO_32_BIT_CONVERSION = YES;
				GCC_WARN_ABOUT_RETURN_TYPE = YES_ERROR;
				GCC_WARN_UNDECLARED_SELECTOR = YES;
				GCC_WARN_UNINITIALIZED_AUTOS = YES_AGGRESSIVE;
				GCC_WARN_UNUSED_FUNCTION = YES;
				GCC_WARN_UNUSED_VARIABLE = YES;
				IPHONEOS_DEPLOYMENT_TARGET = 17.0;
				LOCALIZATION_PREFERS_STRING_CATALOGS = YES;
				MTL_ENABLE_DEBUG_INFO = NO;
				MTL_FAST_MATH = YES;
				SDKROOT = iphoneos;
				STRING_CATALOG_GENERATE_SYMBOLS = YES;
				SWIFT_COMPILATION_MODE = wholemodule;
				VALIDATE_PRODUCT = YES;
			};
			name = Release;
		};
		A1000003000000000000006A /* Debug */ = {
			isa = XCBuildConfiguration;
			buildSettings = {
				ASSETCATALOG_COMPILER_APPICON_NAME = AppIcon;
				ASSETCATALOG_COMPILER_GLOBAL_ACCENT_COLOR_NAME = AccentColor;
				CODE_SIGN_ENTITLEMENTS = Resistor/Resistor.entitlements;
				CODE_SIGN_STYLE = Automatic;
				CURRENT_PROJECT_VERSION = 1;
				DEVELOPMENT_TEAM = HBXLU45HR7;
				ENABLE_PREVIEWS = YES;
				GENERATE_INFOPLIST_FILE = YES;
				INFOPLIST_KEY_CFBundleDisplayName = Resistor;
				INFOPLIST_KEY_LSApplicationCategoryType = "public.app-category.healthcare-fitness";
				INFOPLIST_KEY_NSLocationWhenInUseUsageDescription = "Needed to track resistance locations.";
				INFOPLIST_KEY_UIApplicationSceneManifest_Generation = YES;
				INFOPLIST_KEY_UIApplicationSupportsIndirectInputEvents = YES;
				INFOPLIST_KEY_UILaunchScreen_Generation = YES;
				INFOPLIST_KEY_UISupportedInterfaceOrientations = UIInterfaceOrientationPortrait;
				INFOPLIST_KEY_UISupportedInterfaceOrientations_iPad = "UIInterfaceOrientationLandscapeLeft UIInterfaceOrientationLandscapeRight UIInterfaceOrientationPortrait UIInterfaceOrientationPortraitUpsideDown";
				LD_RUNPATH_SEARCH_PATHS = (
					"$(inherited)",
					"@executable_path/Frameworks",
				);
				MARKETING_VERSION = 1.0.0;
				PRODUCT_BUNDLE_IDENTIFIER = com.resistor.app;
				PRODUCT_NAME = "$(TARGET_NAME)";
				SUPPORTED_PLATFORMS = "iphoneos iphonesimulator";
				SUPPORTS_MACCATALYST = NO;
				SWIFT_EMIT_LOC_STRINGS = YES;
				SWIFT_VERSION = 5.0;
				TARGETED_DEVICE_FAMILY = 1;
			};
			name = Debug;
		};
		A1000004000000000000006A /* Release */ = {
			isa = XCBuildConfiguration;
			buildSettings = {
				ASSETCATALOG_COMPILER_APPICON_NAME = AppIcon;
				ASSETCATALOG_COMPILER_GLOBAL_ACCENT_COLOR_NAME = AccentColor;
				CODE_SIGN_ENTITLEMENTS = Resistor/Resistor.entitlements;
				CODE_SIGN_STYLE = Automatic;
				CURRENT_PROJECT_VERSION = 1;
				DEVELOPMENT_TEAM = HBXLU45HR7;
				ENABLE_PREVIEWS = YES;
				GENERATE_INFOPLIST_FILE = YES;
				INFOPLIST_KEY_CFBundleDisplayName = Resistor;
				INFOPLIST_KEY_LSApplicationCategoryType = "public.app-category.healthcare-fitness";
				INFOPLIST_KEY_NSLocationWhenInUseUsageDescription = "Needed to track resistance locations.";
				INFOPLIST_KEY_UIApplicationSceneManifest_Generation = YES;
				INFOPLIST_KEY_UIApplicationSupportsIndirectInputEvents = YES;
				INFOPLIST_KEY_UILaunchScreen_Generation = YES;
				INFOPLIST_KEY_UISupportedInterfaceOrientations = UIInterfaceOrientationPortrait;
				INFOPLIST_KEY_UISupportedInterfaceOrientations_iPad = "UIInterfaceOrientationLandscapeLeft UIInterfaceOrientationLandscapeRight UIInterfaceOrientationPortrait UIInterfaceOrientationPortraitUpsideDown";
				LD_RUNPATH_SEARCH_PATHS = (
					"$(inherited)",
					"@executable_path/Frameworks",
				);
				MARKETING_VERSION = 1.0.0;
				PRODUCT_BUNDLE_IDENTIFIER = com.resistor.app;
				PRODUCT_NAME = "$(TARGET_NAME)";
				SUPPORTED_PLATFORMS = "iphoneos iphonesimulator";
				SUPPORTS_MACCATALYST = NO;
				SWIFT_EMIT_LOC_STRINGS = YES;
				SWIFT_VERSION = 5.0;
				TARGETED_DEVICE_FAMILY = 1;
			};
			name = Release;
		};
		B2000001000000000000006A /* Debug */ = {
			isa = XCBuildConfiguration;
			buildSettings = {
				BUNDLE_LOADER = "$(TEST_HOST)";
				CODE_SIGN_STYLE = Automatic;
				CURRENT_PROJECT_VERSION = 1;
				GENERATE_INFOPLIST_FILE = YES;
				IPHONEOS_DEPLOYMENT_TARGET = 17.0;
				MARKETING_VERSION = 1.0;
				PRODUCT_BUNDLE_IDENTIFIER = com.resistor.app.ResistorTests;
				PRODUCT_NAME = "$(TARGET_NAME)";
				SUPPORTED_PLATFORMS = "iphoneos iphonesimulator";
				SUPPORTS_MACCATALYST = NO;
				SWIFT_EMIT_LOC_STRINGS = NO;
				SWIFT_VERSION = 5.0;
				TARGETED_DEVICE_FAMILY = 1;
				TEST_HOST = "$(BUILT_PRODUCTS_DIR)/Resistor.app/$(BUNDLE_EXECUTABLE_FOLDER_PATH)/Resistor";
			};
			name = Debug;
		};
		B2000002000000000000006A /* Release */ = {
			isa = XCBuildConfiguration;
			buildSettings = {
				BUNDLE_LOADER = "$(TEST_HOST)";
				CODE_SIGN_STYLE = Automatic;
				CURRENT_PROJECT_VERSION = 1;
				GENERATE_INFOPLIST_FILE = YES;
				IPHONEOS_DEPLOYMENT_TARGET = 17.0;
				MARKETING_VERSION = 1.0;
				PRODUCT_BUNDLE_IDENTIFIER = com.resistor.app.ResistorTests;
				PRODUCT_NAME = "$(TARGET_NAME)";
				SUPPORTED_PLATFORMS = "iphoneos iphonesimulator";
				SUPPORTS_MACCATALYST = NO;
				SWIFT_EMIT_LOC_STRINGS = NO;
				SWIFT_VERSION = 5.0;
				TARGETED_DEVICE_FAMILY = 1;
				TEST_HOST = "$(BUILT_PRODUCTS_DIR)/Resistor.app/$(BUNDLE_EXECUTABLE_FOLDER_PATH)/Resistor";
			};
			name = Release;
		};
/* End XCBuildConfiguration section */

/* Begin XCConfigurationList section */
		A1000001000000000000005A /* Build configuration list for PBXProject "Resistor" */ = {
			isa = XCConfigurationList;
			buildConfigurations = (
				A1000001000000000000006A /* Debug */,
				A1000002000000000000006A /* Release */,
			);
			defaultConfigurationIsVisible = 0;
			defaultConfigurationName = Release;
		};
		A1000002000000000000005A /* Build configuration list for PBXNativeTarget "Resistor" */ = {
			isa = XCConfigurationList;
			buildConfigurations = (
				A1000003000000000000006A /* Debug */,
				A1000004000000000000006A /* Release */,
			);
			defaultConfigurationIsVisible = 0;
			defaultConfigurationName = Release;
		};
		B2000001000000000000005A /* Build configuration list for PBXNativeTarget "ResistorTests" */ = {
			isa = XCConfigurationList;
			buildConfigurations = (
				B2000001000000000000006A /* Debug */,
				B2000002000000000000006A /* Release */,
			);
			defaultConfigurationIsVisible = 0;
			defaultConfigurationName = Release;
		};
/* End XCConfigurationList section */
	};
	rootObject = A1000000000000000000005A /* Project object */;
}
