// !$*UTF8*$!
{
	archiveVersion = 1;
	classes = {
	};
	objectVersion = 56;
	objects = {

/* Begin PBXBuildFile section */
		0436E9E21A4995EE8549E6FE /* UserSettings.swift in Sources */ = {isa = PBXBuildFile; fileRef = A100000D000000000000000A /* UserSettings.swift */; };
		16460213A8B00BBED48310E6 /* QuickLogProvider.swift in Sources */ = {isa = PBXBuildFile; fileRef = 1D464333421E9C39C03F5A57 /* QuickLogProvider.swift */; };
		1678E0842EBF3ABBE56F3401 /* ResistorWidget.swift in Sources */ = {isa = PBXBuildFile; fileRef = 6F4A323D24B5922D97906FD1 /* ResistorWidget.swift */; };
		18A195F9B7925BB56D429711 /* ResistorWidget.appex in Embed Foundation Extensions */ = {isa = PBXBuildFile; fileRef = DF18F3D313F229C82C59743E /* ResistorWidget.appex */; settings = {ATTRIBUTES = (RemoveHeadersOnCopy, ); }; };
		1EA2AB1E243FA4FF3695A153 /* Foundation.framework in Frameworks */ = {isa = PBXBuildFile; fileRef = D550B62AA43FA6F8E07A3859 /* Foundation.framework */; };
		3EB933B6532E4FB909C64487 /* QuickLogWidgetView.swift in Sources */ = {isa = PBXBuildFile; fileRef = 3E111D234A6D4D52B3C29F28 /* QuickLogWidgetView.swift */; };
		400E7DE395ECA6EA4C1D3F9E /* LogResistedIntent.swift in Sources */ = {isa = PBXBuildFile; fileRef = DCA4656BDF208C2526724BEB /* LogResistedIntent.swift */; };
		411562E8E9D44C6CAE3051F7 /* SelectHabitIntent.swift in Sources */ = {isa = PBXBuildFile; fileRef = 07168381249E78F8A95464E7 /* SelectHabitIntent.swift */; };
		43CA41D12F89724100D11E7D /* LocationManager.swift in Sources */ = {isa = PBXBuildFile; fileRef = 43CA41D02F89724100D11E7D /* LocationManager.swift */; };
		43CA41D32F89730100D11E7D /* EventMapView.swift in Sources */ = {isa = PBXBuildFile; fileRef = 43CA41D22F89730100D11E7D /* EventMapView.swift */; };
		473FA6570E3A8419D4FE1399 /* TemptationEvent.swift in Sources */ = {isa = PBXBuildFile; fileRef = A100000C000000000000000A /* TemptationEvent.swift */; };
		504578B580DC558233088F52 /* Foundation.framework in Frameworks */ = {isa = PBXBuildFile; fileRef = D550B62AA43FA6F8E07A3859 /* Foundation.framework */; };
		5577480B2A50DEAC74829F3E /* Color+Hex.swift in Sources */ = {isa = PBXBuildFile; fileRef = A100000E000000000000000A /* Color+Hex.swift */; };
		5B9352C836AFB5E055E3C7D8 /* TemptationEvent.swift in Sources */ = {isa = PBXBuildFile; fileRef = A100000C000000000000000A /* TemptationEvent.swift */; };
		5E290EEDAE694A24601B9B21 /* TemptationLogger.swift in Sources */ = {isa = PBXBuildFile; fileRef = 0E671048A9259B7EBC8C1B43 /* TemptationLogger.swift */; };
		62975B4D5E55D6B9286A334D /* WatchLogView.swift in Sources */ = {isa = PBXBuildFile; fileRef = 7D4597E26EF41C66F2BAD61A /* WatchLogView.swift */; };
		6338F6467C5189388ECC395C /* ContextTag.swift in Sources */ = {isa = PBXBuildFile; fileRef = C1000001000000000000000A /* ContextTag.swift */; };
		6AD46C3EBEED5D591162E51E /* WatchLogStore.swift in Sources */ = {isa = PBXBuildFile; fileRef = 80D3AB0EA799474A518E40CE /* WatchLogStore.swift */; };
		77053A802CD8451E81504253 /* HabitAppEntity.swift in Sources */ = {isa = PBXBuildFile; fileRef = 39097DA98DAC5F5C22FA4BD3 /* HabitAppEntity.swift */; };
		8132D3C8C3A433BC0731783F /* ResistorWatchApp.swift in Sources */ = {isa = PBXBuildFile; fileRef = F32E0160D608ABC8D400DB5F /* ResistorWatchApp.swift */; };
		8C41ECC1C5222C46E02AACD8 /* TemptationLogger.swift in Sources */ = {isa = PBXBuildFile; fileRef = 0E671048A9259B7EBC8C1B43 /* TemptationLogger.swift */; };
		9019D281C1C4357A3751544B /* ResistorWatch.app in Embed Watch Content */ = {isa = PBXBuildFile; fileRef = 821F40704A2FEA56AED6D538 /* ResistorWatch.app */; settings = {ATTRIBUTES = (RemoveHeadersOnCopy, ); }; };
		9D3EDFD17E3756C5D1FCB5E7 /* WatchModelContainer.swift in Sources */ = {isa = PBXBuildFile; fileRef = 8CE4E3C730BCF819722BC72C /* WatchModelContainer.swift */; };
		A1000001000000000000001A /* ResistorApp.swift in Sources */ = {isa = PBXBuildFile; fileRef = A1000001000000000000000A /* ResistorApp.swift */; };
		A1000002000000000000001A /* ContentView.swift in Sources */ = {isa = PBXBuildFile; fileRef = A1000002000000000000000A /* ContentView.swift */; };
		A1000003000000000000001A /* LogView.swift in Sources */ = {isa = PBXBuildFile; fileRef = A1000003000000000000000A /* LogView.swift */; };
		A1000004000000000000001A /* OnboardingView.swift in Sources */ = {isa = PBXBuildFile; fileRef = A1000004000000000000000A /* OnboardingView.swift */; };
		A1000005000000000000001A /* HabitsView.swift in Sources */ = {isa = PBXBuildFile; fileRef = A1000005000000000000000A /* HabitsView.swift */; };
		A1000006000000000000001A /* InsightsView.swift in Sources */ = {isa = PBXBuildFile; fileRef = A1000006000000000000000A /* InsightsView.swift */; };
		A1000007000000000000001A /* LogViewModel.swift in Sources */ = {isa = PBXBuildFile; fileRef = A1000007000000000000000A /* LogViewModel.swift */; };
		A1000008000000000000001A /* OnboardingViewModel.swift in Sources */ = {isa = PBXBuildFile; fileRef = A1000008000000000000000A /* OnboardingViewModel.swift */; };
		A1000009000000000000001A /* HabitsViewModel.swift in Sources */ = {isa = PBXBuildFile; fileRef = A1000009000000000000000A /* HabitsViewModel.swift */; };
		A100000A000000000000001A /* InsightsViewModel.swift in Sources */ = {isa = PBXBuildFile; fileRef = A100000A000000000000000A /* InsightsViewModel.swift */; };
		A100000B000000000000001A /* Habit.swift in Sources */ = {isa = PBXBuildFile; fileRef = A100000B000000000000000A /* Habit.swift */; };
		A100000C000000000000001A /* TemptationEvent.swift in Sources */ = {isa = PBXBuildFile; fileRef = A100000C000000000000000A /* TemptationEvent.swift */; };
		A100000D000000000000001A /* UserSettings.swift in Sources */ = {isa = PBXBuildFile; fileRef = A100000D000000000000000A /* UserSettings.swift */; };
		A100000E000000000000001A /* Color+Hex.swift in Sources */ = {isa = PBXBuildFile; fileRef = A100000E000000000000000A /* Color+Hex.swift */; };
		A100000F000000000000001A /* Assets.xcassets in Resources */ = {isa = PBXBuildFile; fileRef = A100000F000000000000000A /* Assets.xcassets */; };
		A1000011000000000000001A /* HistoryView.swift in Sources */ = {isa = PBXBuildFile; fileRef = A1000011000000000000000A /* HistoryView.swift */; };
		A1000012000000000000001A /* TipJarViewModel.swift in Sources */ = {isa = PBXBuildFile; fileRef = A1000012000000000000000A /* TipJarViewModel.swift */; };
		A1000015000000000000001A /* DataExporter.swift in Sources */ = {isa = PBXBuildFile; fileRef = A1000015000000000000000A /* DataExporter.swift */; };
		B2000001000000000000001A /* TestHelpers.swift in Sources */ = {isa = PBXBuildFile; fileRef = B2000001000000000000000A /* TestHelpers.swift */; };
		B2000002000000000000001A /* InsightsViewModelTests.swift in Sources */ = {isa = PBXBuildFile; fileRef = B2000002000000000000000A /* InsightsViewModelTests.swift */; };
		B2000003000000000000001A /* TemptationEventTests.swift in Sources */ = {isa = PBXBuildFile; fileRef = B2000003000000000000000A /* TemptationEventTests.swift */; };
		B2000004000000000000001A /* HabitsViewModelTests.swift in Sources */ = {isa = PBXBuildFile; fileRef = B2000004000000000000000A /* HabitsViewModelTests.swift */; };
		B2000005000000000000001A /* LogViewModelTests.swift in Sources */ = {isa = PBXBuildFile; fileRef = B2000005000000000000000A /* LogViewModelTests.swift */; };
		B2000006000000000000001A /* ColorHexTests.swift in Sources */ = {isa = PBXBuildFile; fileRef = B2000006000000000000000A /* ColorHexTests.swift */; };
		B2000007000000000000001A /* OnboardingViewModelTests.swift in Sources */ = {isa = PBXBuildFile; fileRef = B2000007000000000000000A /* OnboardingViewModelTests.swift */; };
		B2000008000000000000001A /* HabitTests.swift in Sources */ = {isa = PBXBuildFile; fileRef = B2000008000000000000000A /* HabitTests.swift */; };
		B2000009000000000000001A /* UserSettingsTests.swift in Sources */ = {isa = PBXBuildFile; fileRef = B2000009000000000000000A /* UserSettingsTests.swift */; };
		B200000A000000000000001A /* IntegrationTests.swift in Sources */ = {isa = PBXBuildFile; fileRef = B200000A000000000000000A /* IntegrationTests.swift */; };
		B200000B000000000000001A /* InsightsViewModelPerformanceTests.swift in Sources */ = {isa = PBXBuildFile; fileRef = B200000B000000000000000A /* InsightsViewModelPerformanceTests.swift */; };
		B200000C000000000000001A /* TipJarViewModelTests.swift in Sources */ = {isa = PBXBuildFile; fileRef = B200000C000000000000000A /* TipJarViewModelTests.swift */; };
		B200000D000000000000001A /* DataExporterTests.swift in Sources */ = {isa = PBXBuildFile; fileRef = B200000D000000000000000A /* DataExporterTests.swift */; };
		B2000098000000000000001A /* QuickLogWidgetTests.swift in Sources */ = {isa = PBXBuildFile; fileRef = B2000098000000000000000A /* QuickLogWidgetTests.swift */; };
		B200009A000000000000001A /* WatchLogStoreLogicTests.swift in Sources */ = {isa = PBXBuildFile; fileRef = B200009A000000000000000A /* WatchLogStoreLogicTests.swift */; };
		B2000099000000000000001A /* TimeOfDayDrillDownTests.swift in Sources */ = {isa = PBXBuildFile; fileRef = B2000099000000000000000A /* TimeOfDayDrillDownTests.swift */; };
		B63040D04E809F970FF44C72 /* Color+Hex.swift in Sources */ = {isa = PBXBuildFile; fileRef = A100000E000000000000000A /* Color+Hex.swift */; };
		BBE9A6248488296F235D2346 /* ContextTag.swift in Sources */ = {isa = PBXBuildFile; fileRef = C1000001000000000000000A /* ContextTag.swift */; };
		BD76B06DC4D4366E47940AA2 /* Foundation.framework in Frameworks */ = {isa = PBXBuildFile; fileRef = C1880531AD4D2C420470F188 /* Foundation.framework */; };
		C1000001000000000000001A /* ContextTag.swift in Sources */ = {isa = PBXBuildFile; fileRef = C1000001000000000000000A /* ContextTag.swift */; };
		C5AA35ACCC7EE25DC1CEB045 /* Habit.swift in Sources */ = {isa = PBXBuildFile; fileRef = A100000B000000000000000A /* Habit.swift */; };
		CC9B3EE69FC6CED9DA5C375D /* SharedModelContainer.swift in Sources */ = {isa = PBXBuildFile; fileRef = D34ABD48A949E05238016CBF /* SharedModelContainer.swift */; };
		D354EB66006655563DFD61FB /* UITestSeed.swift in Sources */ = {isa = PBXBuildFile; fileRef = E7A986130363EAECA937D1B7 /* UITestSeed.swift */; };
		D4CBA1C324611D3CB789BE3E /* SnapshotTests.swift in Sources */ = {isa = PBXBuildFile; fileRef = 9A7A220FBBC346EEC2773BB4 /* SnapshotTests.swift */; };
		DB24B141241DF326D4B0E457 /* SharedModelContainer.swift in Sources */ = {isa = PBXBuildFile; fileRef = D34ABD48A949E05238016CBF /* SharedModelContainer.swift */; };
		DDE9B5D235853D45E9B21BCD /* ResistorWidgetBundle.swift in Sources */ = {isa = PBXBuildFile; fileRef = C931270813D632B915D37D59 /* ResistorWidgetBundle.swift */; };
		E9EDE74E8B6B57BC689F9C14 /* UserSettings.swift in Sources */ = {isa = PBXBuildFile; fileRef = A100000D000000000000000A /* UserSettings.swift */; };
		EAEF7E8BCE46317330387F07 /* TemptationLogger.swift in Sources */ = {isa = PBXBuildFile; fileRef = 0E671048A9259B7EBC8C1B43 /* TemptationLogger.swift */; };
		EE9C4D3F81EBC93818857F9D /* Habit.swift in Sources */ = {isa = PBXBuildFile; fileRef = A100000B000000000000000A /* Habit.swift */; };
/* End PBXBuildFile section */

/* Begin PBXContainerItemProxy section */
		2F89A86D9FE69A633B05F7FB /* PBXContainerItemProxy */ = {
			isa = PBXContainerItemProxy;
			containerPortal = A1000000000000000000005A /* Project object */;
			proxyType = 1;
			remoteGlobalIDString = 76E2CC07855EBA50C692CD07;
			remoteInfo = ResistorWatch;
		};
		7DB295D4016A1962AD804F76 /* PBXContainerItemProxy */ = {
			isa = PBXContainerItemProxy;
			containerPortal = A1000000000000000000005A /* Project object */;
			proxyType = 1;
			remoteGlobalIDString = 23E13FD62591E63A1BC9D959;
			remoteInfo = ResistorWidget;
		};
		B2000001000000000000007A /* PBXContainerItemProxy */ = {
			isa = PBXContainerItemProxy;
			containerPortal = A1000000000000000000005A /* Project object */;
			proxyType = 1;
			remoteGlobalIDString = A1000000000000000000004A;
			remoteInfo = Resistor;
		};
		DB19973F018B8962B41E9727 /* PBXContainerItemProxy */ = {
			isa = PBXContainerItemProxy;
			containerPortal = A1000000000000000000005A /* Project object */;
			proxyType = 1;
			remoteGlobalIDString = A1000000000000000000004A;
			remoteInfo = Resistor;
		};
/* End PBXContainerItemProxy section */

/* Begin PBXCopyFilesBuildPhase section */
		521C92D8AE7DE0DF6402FFCC /* Embed Foundation Extensions */ = {
			isa = PBXCopyFilesBuildPhase;
			buildActionMask = 2147483647;
			dstPath = "";
			dstSubfolderSpec = 13;
			files = (
				18A195F9B7925BB56D429711 /* ResistorWidget.appex in Embed Foundation Extensions */,
			);
			name = "Embed Foundation Extensions";
			runOnlyForDeploymentPostprocessing = 0;
		};
		B5A95AFB2123FDB1A8F861F4 /* Embed Watch Content */ = {
			isa = PBXCopyFilesBuildPhase;
			buildActionMask = 2147483647;
			dstPath = "$(CONTENTS_FOLDER_PATH)/Watch";
			dstSubfolderSpec = 16;
			files = (
				9019D281C1C4357A3751544B /* ResistorWatch.app in Embed Watch Content */,
			);
			name = "Embed Watch Content";
			runOnlyForDeploymentPostprocessing = 0;
		};
/* End PBXCopyFilesBuildPhase section */

/* Begin PBXFileReference section */
		07168381249E78F8A95464E7 /* SelectHabitIntent.swift */ = {isa = PBXFileReference; includeInIndex = 1; lastKnownFileType = sourcecode.swift; path = SelectHabitIntent.swift; sourceTree = "<group>"; };
		0E671048A9259B7EBC8C1B43 /* TemptationLogger.swift */ = {isa = PBXFileReference; includeInIndex = 1; lastKnownFileType = sourcecode.swift; path = TemptationLogger.swift; sourceTree = "<group>"; };
		1D464333421E9C39C03F5A57 /* QuickLogProvider.swift */ = {isa = PBXFileReference; includeInIndex = 1; lastKnownFileType = sourcecode.swift; path = QuickLogProvider.swift; sourceTree = "<group>"; };
		39097DA98DAC5F5C22FA4BD3 /* HabitAppEntity.swift */ = {isa = PBXFileReference; includeInIndex = 1; lastKnownFileType = sourcecode.swift; path = HabitAppEntity.swift; sourceTree = "<group>"; };
		3E111D234A6D4D52B3C29F28 /* QuickLogWidgetView.swift */ = {isa = PBXFileReference; includeInIndex = 1; lastKnownFileType = sourcecode.swift; path = QuickLogWidgetView.swift; sourceTree = "<group>"; };
		43CA41CF2F890C0100D11E7D /* Resistor.entitlements */ = {isa = PBXFileReference; lastKnownFileType = text.plist.entitlements; path = Resistor.entitlements; sourceTree = "<group>"; };
		43CA41D02F89724100D11E7D /* LocationManager.swift */ = {isa = PBXFileReference; lastKnownFileType = sourcecode.swift; path = LocationManager.swift; sourceTree = "<group>"; };
		43CA41D22F89730100D11E7D /* EventMapView.swift */ = {isa = PBXFileReference; lastKnownFileType = sourcecode.swift; path = EventMapView.swift; sourceTree = "<group>"; };
		49F792C9FFECBD4172FA9C25 /* ResistorWidget.entitlements */ = {isa = PBXFileReference; includeInIndex = 1; lastKnownFileType = text.plist.entitlements; path = ResistorWidget.entitlements; sourceTree = "<group>"; };
		656E85A95F778C45397ECA90 /* Info.plist */ = {isa = PBXFileReference; includeInIndex = 1; lastKnownFileType = text.plist.xml; path = Info.plist; sourceTree = "<group>"; };
		6F4A323D24B5922D97906FD1 /* ResistorWidget.swift */ = {isa = PBXFileReference; includeInIndex = 1; lastKnownFileType = sourcecode.swift; path = ResistorWidget.swift; sourceTree = "<group>"; };
		7D4597E26EF41C66F2BAD61A /* WatchLogView.swift */ = {isa = PBXFileReference; includeInIndex = 1; lastKnownFileType = sourcecode.swift; path = WatchLogView.swift; sourceTree = "<group>"; };
		80D3AB0EA799474A518E40CE /* WatchLogStore.swift */ = {isa = PBXFileReference; includeInIndex = 1; lastKnownFileType = sourcecode.swift; path = WatchLogStore.swift; sourceTree = "<group>"; };
		8161180E40BC4690B0D6B00C /* ResistorWatch.entitlements */ = {isa = PBXFileReference; includeInIndex = 1; lastKnownFileType = text.plist.entitlements; path = ResistorWatch.entitlements; sourceTree = "<group>"; };
		821F40704A2FEA56AED6D538 /* ResistorWatch.app */ = {isa = PBXFileReference; explicitFileType = wrapper.application; includeInIndex = 0; path = ResistorWatch.app; sourceTree = BUILT_PRODUCTS_DIR; };
		8CE4E3C730BCF819722BC72C /* WatchModelContainer.swift */ = {isa = PBXFileReference; includeInIndex = 1; lastKnownFileType = sourcecode.swift; path = WatchModelContainer.swift; sourceTree = "<group>"; };
		912EC19ED1BF0A2FAA78B0EA /* ResistorUITests.xctest */ = {isa = PBXFileReference; explicitFileType = wrapper.cfbundle; includeInIndex = 0; path = ResistorUITests.xctest; sourceTree = BUILT_PRODUCTS_DIR; };
		9A7A220FBBC346EEC2773BB4 /* SnapshotTests.swift */ = {isa = PBXFileReference; includeInIndex = 1; lastKnownFileType = sourcecode.swift; path = SnapshotTests.swift; sourceTree = "<group>"; };
		A1000000000000000000000A /* Resistor.app */ = {isa = PBXFileReference; explicitFileType = wrapper.application; includeInIndex = 0; path = Resistor.app; sourceTree = BUILT_PRODUCTS_DIR; };
		A1000001000000000000000A /* ResistorApp.swift */ = {isa = PBXFileReference; lastKnownFileType = sourcecode.swift; path = ResistorApp.swift; sourceTree = "<group>"; };
		A1000002000000000000000A /* ContentView.swift */ = {isa = PBXFileReference; lastKnownFileType = sourcecode.swift; path = ContentView.swift; sourceTree = "<group>"; };
		A1000003000000000000000A /* LogView.swift */ = {isa = PBXFileReference; lastKnownFileType = sourcecode.swift; path = LogView.swift; sourceTree = "<group>"; };
		A1000004000000000000000A /* OnboardingView.swift */ = {isa = PBXFileReference; lastKnownFileType = sourcecode.swift; path = OnboardingView.swift; sourceTree = "<group>"; };
		A1000005000000000000000A /* HabitsView.swift */ = {isa = PBXFileReference; lastKnownFileType = sourcecode.swift; path = HabitsView.swift; sourceTree = "<group>"; };
		A1000006000000000000000A /* InsightsView.swift */ = {isa = PBXFileReference; lastKnownFileType = sourcecode.swift; path = InsightsView.swift; sourceTree = "<group>"; };
		A1000007000000000000000A /* LogViewModel.swift */ = {isa = PBXFileReference; lastKnownFileType = sourcecode.swift; path = LogViewModel.swift; sourceTree = "<group>"; };
		A1000008000000000000000A /* OnboardingViewModel.swift */ = {isa = PBXFileReference; lastKnownFileType = sourcecode.swift; path = OnboardingViewModel.swift; sourceTree = "<group>"; };
		A1000009000000000000000A /* HabitsViewModel.swift */ = {isa = PBXFileReference; lastKnownFileType = sourcecode.swift; path = HabitsViewModel.swift; sourceTree = "<group>"; };
		A100000A000000000000000A /* InsightsViewModel.swift */ = {isa = PBXFileReference; lastKnownFileType = sourcecode.swift; path = InsightsViewModel.swift; sourceTree = "<group>"; };
		A100000B000000000000000A /* Habit.swift */ = {isa = PBXFileReference; lastKnownFileType = sourcecode.swift; path = Habit.swift; sourceTree = "<group>"; };
		A100000C000000000000000A /* TemptationEvent.swift */ = {isa = PBXFileReference; lastKnownFileType = sourcecode.swift; path = TemptationEvent.swift; sourceTree = "<group>"; };
		A100000D000000000000000A /* UserSettings.swift */ = {isa = PBXFileReference; lastKnownFileType = sourcecode.swift; path = UserSettings.swift; sourceTree = "<group>"; };
		A100000E000000000000000A /* Color+Hex.swift */ = {isa = PBXFileReference; lastKnownFileType = sourcecode.swift; path = "Color+Hex.swift"; sourceTree = "<group>"; };
		A100000F000000000000000A /* Assets.xcassets */ = {isa = PBXFileReference; lastKnownFileType = folder.assetcatalog; path = Assets.xcassets; sourceTree = "<group>"; };
		A1000011000000000000000A /* HistoryView.swift */ = {isa = PBXFileReference; lastKnownFileType = sourcecode.swift; path = HistoryView.swift; sourceTree = "<group>"; };
		A1000012000000000000000A /* TipJarViewModel.swift */ = {isa = PBXFileReference; lastKnownFileType = sourcecode.swift; path = TipJarViewModel.swift; sourceTree = "<group>"; };
		A1000013000000000000000A /* Resistor.entitlements */ = {isa = PBXFileReference; lastKnownFileType = text.plist.entitlements; path = Resistor.entitlements; sourceTree = "<group>"; };
		A1000014000000000000000A /* TipJar.storekit */ = {isa = PBXFileReference; lastKnownFileType = text; path = TipJar.storekit; sourceTree = "<group>"; };
		A1000015000000000000000A /* DataExporter.swift */ = {isa = PBXFileReference; lastKnownFileType = sourcecode.swift; path = DataExporter.swift; sourceTree = "<group>"; };
		B0F43B7161041B07A165E315 /* Info.plist */ = {isa = PBXFileReference; includeInIndex = 1; lastKnownFileType = text.plist.xml; path = Info.plist; sourceTree = "<group>"; };
		B2000000000000000000000A /* ResistorTests.xctest */ = {isa = PBXFileReference; explicitFileType = wrapper.cfbundle; includeInIndex = 0; path = ResistorTests.xctest; sourceTree = BUILT_PRODUCTS_DIR; };
		B2000001000000000000000A /* TestHelpers.swift */ = {isa = PBXFileReference; lastKnownFileType = sourcecode.swift; path = TestHelpers.swift; sourceTree = "<group>"; };
		B2000002000000000000000A /* InsightsViewModelTests.swift */ = {isa = PBXFileReference; lastKnownFileType = sourcecode.swift; path = InsightsViewModelTests.swift; sourceTree = "<group>"; };
		B2000003000000000000000A /* TemptationEventTests.swift */ = {isa = PBXFileReference; lastKnownFileType = sourcecode.swift; path = TemptationEventTests.swift; sourceTree = "<group>"; };
		B2000004000000000000000A /* HabitsViewModelTests.swift */ = {isa = PBXFileReference; lastKnownFileType = sourcecode.swift; path = HabitsViewModelTests.swift; sourceTree = "<group>"; };
		B2000005000000000000000A /* LogViewModelTests.swift */ = {isa = PBXFileReference; lastKnownFileType = sourcecode.swift; path = LogViewModelTests.swift; sourceTree = "<group>"; };
		B2000006000000000000000A /* ColorHexTests.swift */ = {isa = PBXFileReference; lastKnownFileType = sourcecode.swift; path = ColorHexTests.swift; sourceTree = "<group>"; };
		B2000007000000000000000A /* OnboardingViewModelTests.swift */ = {isa = PBXFileReference; lastKnownFileType = sourcecode.swift; path = OnboardingViewModelTests.swift; sourceTree = "<group>"; };
		B2000008000000000000000A /* HabitTests.swift */ = {isa = PBXFileReference; lastKnownFileType = sourcecode.swift; path = HabitTests.swift; sourceTree = "<group>"; };
		B2000009000000000000000A /* UserSettingsTests.swift */ = {isa = PBXFileReference; lastKnownFileType = sourcecode.swift; path = UserSettingsTests.swift; sourceTree = "<group>"; };
		B200000A000000000000000A /* IntegrationTests.swift */ = {isa = PBXFileReference; lastKnownFileType = sourcecode.swift; path = IntegrationTests.swift; sourceTree = "<group>"; };
		B200000B000000000000000A /* InsightsViewModelPerformanceTests.swift */ = {isa = PBXFileReference; lastKnownFileType = sourcecode.swift; path = InsightsViewModelPerformanceTests.swift; sourceTree = "<group>"; };
		B200000C000000000000000A /* TipJarViewModelTests.swift */ = {isa = PBXFileReference; lastKnownFileType = sourcecode.swift; path = TipJarViewModelTests.swift; sourceTree = "<group>"; };
		B200000D000000000000000A /* DataExporterTests.swift */ = {isa = PBXFileReference; lastKnownFileType = sourcecode.swift; path = DataExporterTests.swift; sourceTree = "<group>"; };
		B2000098000000000000000A /* QuickLogWidgetTests.swift */ = {isa = PBXFileReference; lastKnownFileType = sourcecode.swift; path = QuickLogWidgetTests.swift; sourceTree = "<group>"; };
		B200009A000000000000000A /* WatchLogStoreLogicTests.swift */ = {isa = PBXFileReference; lastKnownFileType = sourcecode.swift; path = WatchLogStoreLogicTests.swift; sourceTree = "<group>"; };
		B2000099000000000000000A /* TimeOfDayDrillDownTests.swift */ = {isa = PBXFileReference; lastKnownFileType = sourcecode.swift; path = TimeOfDayDrillDownTests.swift; sourceTree = "<group>"; };
		C1000001000000000000000A /* ContextTag.swift */ = {isa = PBXFileReference; lastKnownFileType = sourcecode.swift; path = ContextTag.swift; sourceTree = "<group>"; };
		C1880531AD4D2C420470F188 /* Foundation.framework */ = {isa = PBXFileReference; lastKnownFileType = wrapper.framework; name = Foundation.framework; path = Platforms/WatchOS.platform/Developer/SDKs/WatchOS11.0.sdk/System/Library/Frameworks/Foundation.framework; sourceTree = DEVELOPER_DIR; };
		C931270813D632B915D37D59 /* ResistorWidgetBundle.swift */ = {isa = PBXFileReference; includeInIndex = 1; lastKnownFileType = sourcecode.swift; path = ResistorWidgetBundle.swift; sourceTree = "<group>"; };
		D34ABD48A949E05238016CBF /* SharedModelContainer.swift */ = {isa = PBXFileReference; includeInIndex = 1; lastKnownFileType = sourcecode.swift; path = SharedModelContainer.swift; sourceTree = "<group>"; };
		D550B62AA43FA6F8E07A3859 /* Foundation.framework */ = {isa = PBXFileReference; lastKnownFileType = wrapper.framework; name = Foundation.framework; path = Platforms/iPhoneOS.platform/Developer/SDKs/iPhoneOS18.0.sdk/System/Library/Frameworks/Foundation.framework; sourceTree = DEVELOPER_DIR; };
		DCA4656BDF208C2526724BEB /* LogResistedIntent.swift */ = {isa = PBXFileReference; includeInIndex = 1; lastKnownFileType = sourcecode.swift; path = LogResistedIntent.swift; sourceTree = "<group>"; };
		DF18F3D313F229C82C59743E /* ResistorWidget.appex */ = {isa = PBXFileReference; explicitFileType = "wrapper.app-extension"; includeInIndex = 0; path = ResistorWidget.appex; sourceTree = BUILT_PRODUCTS_DIR; };
		E7A986130363EAECA937D1B7 /* UITestSeed.swift */ = {isa = PBXFileReference; includeInIndex = 1; lastKnownFileType = sourcecode.swift; path = UITestSeed.swift; sourceTree = "<group>"; };
		F32E0160D608ABC8D400DB5F /* ResistorWatchApp.swift */ = {isa = PBXFileReference; includeInIndex = 1; lastKnownFileType = sourcecode.swift; path = ResistorWatchApp.swift; sourceTree = "<group>"; };
/* End PBXFileReference section */

/* Begin PBXFrameworksBuildPhase section */
		89C43C4A14FC556B163FA582 /* Frameworks */ = {
			isa = PBXFrameworksBuildPhase;
			buildActionMask = 2147483647;
			files = (
				1EA2AB1E243FA4FF3695A153 /* Foundation.framework in Frameworks */,
			);
			runOnlyForDeploymentPostprocessing = 0;
		};
		A1000000000000000000002A /* Frameworks */ = {
			isa = PBXFrameworksBuildPhase;
			buildActionMask = 2147483647;
			files = (
			);
			runOnlyForDeploymentPostprocessing = 0;
		};
		B2000000000000000000002A /* Frameworks */ = {
			isa = PBXFrameworksBuildPhase;
			buildActionMask = 2147483647;
			files = (
			);
			runOnlyForDeploymentPostprocessing = 0;
		};
		DAD9D7F0695C075577653FAA /* Frameworks */ = {
			isa = PBXFrameworksBuildPhase;
			buildActionMask = 2147483647;
			files = (
				504578B580DC558233088F52 /* Foundation.framework in Frameworks */,
			);
			runOnlyForDeploymentPostprocessing = 0;
		};
		EC690A6CFBF7AE0C2D0F24E8 /* Frameworks */ = {
			isa = PBXFrameworksBuildPhase;
			buildActionMask = 2147483647;
			files = (
				BD76B06DC4D4366E47940AA2 /* Foundation.framework in Frameworks */,
			);
			runOnlyForDeploymentPostprocessing = 0;
		};
/* End PBXFrameworksBuildPhase section */

/* Begin PBXGroup section */
		011F37B0423D8FB4DB63CDC5 /* ResistorWatch */ = {
			isa = PBXGroup;
			children = (
				F32E0160D608ABC8D400DB5F /* ResistorWatchApp.swift */,
				80D3AB0EA799474A518E40CE /* WatchLogStore.swift */,
				7D4597E26EF41C66F2BAD61A /* WatchLogView.swift */,
				8CE4E3C730BCF819722BC72C /* WatchModelContainer.swift */,
				B0F43B7161041B07A165E315 /* Info.plist */,
				8161180E40BC4690B0D6B00C /* ResistorWatch.entitlements */,
			);
			name = ResistorWatch;
			path = ResistorWatch;
			sourceTree = "<group>";
		};
		0833E1EBA7B1C7AEC64AB2F1 /* watchOS */ = {
			isa = PBXGroup;
			children = (
				C1880531AD4D2C420470F188 /* Foundation.framework */,
			);
			name = watchOS;
			sourceTree = "<group>";
		};
		34EE3083C015C6E3C9BB1CD1 /* ResistorUITests */ = {
			isa = PBXGroup;
			children = (
				9A7A220FBBC346EEC2773BB4 /* SnapshotTests.swift */,
			);
			name = ResistorUITests;
			path = ResistorUITests;
			sourceTree = "<group>";
		};
		38FAD11F73233976C5E40B7B /* ResistorWidget */ = {
			isa = PBXGroup;
			children = (
				39097DA98DAC5F5C22FA4BD3 /* HabitAppEntity.swift */,
				DCA4656BDF208C2526724BEB /* LogResistedIntent.swift */,
				1D464333421E9C39C03F5A57 /* QuickLogProvider.swift */,
				3E111D234A6D4D52B3C29F28 /* QuickLogWidgetView.swift */,
				6F4A323D24B5922D97906FD1 /* ResistorWidget.swift */,
				C931270813D632B915D37D59 /* ResistorWidgetBundle.swift */,
				07168381249E78F8A95464E7 /* SelectHabitIntent.swift */,
				656E85A95F778C45397ECA90 /* Info.plist */,
				49F792C9FFECBD4172FA9C25 /* ResistorWidget.entitlements */,
			);
			name = ResistorWidget;
			path = ResistorWidget;
			sourceTree = "<group>";
		};
		8FA9546FF2F51539BFE26BD3 /* Shared */ = {
			isa = PBXGroup;
			children = (
				D34ABD48A949E05238016CBF /* SharedModelContainer.swift */,
				0E671048A9259B7EBC8C1B43 /* TemptationLogger.swift */,
			);
			name = Shared;
			path = Shared;
			sourceTree = "<group>";
		};
		969C8B9E7218FDE17632ABE0 /* Frameworks */ = {
			isa = PBXGroup;
			children = (
				CE705E2CBA64036A22E00A5A /* iOS */,
				0833E1EBA7B1C7AEC64AB2F1 /* watchOS */,
			);
			name = Frameworks;
			sourceTree = "<group>";
		};
		A1000000000000000000003A = {
			isa = PBXGroup;
			children = (
				A1000001000000000000003A /* Resistor */,
				B2000001000000000000003A /* ResistorTests */,
				A1000002000000000000003A /* Products */,
				969C8B9E7218FDE17632ABE0 /* Frameworks */,
				34EE3083C015C6E3C9BB1CD1 /* ResistorUITests */,
				38FAD11F73233976C5E40B7B /* ResistorWidget */,
				011F37B0423D8FB4DB63CDC5 /* ResistorWatch */,
			);
			sourceTree = "<group>";
		};
		A1000001000000000000003A /* Resistor */ = {
			isa = PBXGroup;
			children = (
				43CA41CF2F890C0100D11E7D /* Resistor.entitlements */,
				A1000001000000000000000A /* ResistorApp.swift */,
				A1000003000000000000003A /* Models */,
				A1000004000000000000003A /* Views */,
				A1000005000000000000003A /* ViewModels */,
				A1000006000000000000003A /* Extensions */,
				A1000007000000000000003A /* Services */,
				A100000F000000000000000A /* Assets.xcassets */,
				A1000013000000000000000A /* Resistor.entitlements */,
				A1000014000000000000000A /* TipJar.storekit */,
				8FA9546FF2F51539BFE26BD3 /* Shared */,
			);
			path = Resistor;
			sourceTree = "<group>";
		};
		A1000002000000000000003A /* Products */ = {
			isa = PBXGroup;
			children = (
				A1000000000000000000000A /* Resistor.app */,
				B2000000000000000000000A /* ResistorTests.xctest */,
				912EC19ED1BF0A2FAA78B0EA /* ResistorUITests.xctest */,
				DF18F3D313F229C82C59743E /* ResistorWidget.appex */,
				821F40704A2FEA56AED6D538 /* ResistorWatch.app */,
			);
			name = Products;
			sourceTree = "<group>";
		};
		A1000003000000000000003A /* Models */ = {
			isa = PBXGroup;
			children = (
				A100000B000000000000000A /* Habit.swift */,
				A100000C000000000000000A /* TemptationEvent.swift */,
				A100000D000000000000000A /* UserSettings.swift */,
				C1000001000000000000000A /* ContextTag.swift */,
			);
			path = Models;
			sourceTree = "<group>";
		};
		A1000004000000000000003A /* Views */ = {
			isa = PBXGroup;
			children = (
				A1000002000000000000000A /* ContentView.swift */,
				A1000003000000000000000A /* LogView.swift */,
				A1000004000000000000000A /* OnboardingView.swift */,
				A1000005000000000000000A /* HabitsView.swift */,
				A1000006000000000000000A /* InsightsView.swift */,
				A1000011000000000000000A /* HistoryView.swift */,
				43CA41D22F89730100D11E7D /* EventMapView.swift */,
			);
			path = Views;
			sourceTree = "<group>";
		};
		A1000005000000000000003A /* ViewModels */ = {
			isa = PBXGroup;
			children = (
				A1000007000000000000000A /* LogViewModel.swift */,
				A1000008000000000000000A /* OnboardingViewModel.swift */,
				A1000009000000000000000A /* HabitsViewModel.swift */,
				A100000A000000000000000A /* InsightsViewModel.swift */,
				A1000012000000000000000A /* TipJarViewModel.swift */,
			);
			path = ViewModels;
			sourceTree = "<group>";
		};
		A1000006000000000000003A /* Extensions */ = {
			isa = PBXGroup;
			children = (
				A100000E000000000000000A /* Color+Hex.swift */,
			);
			path = Extensions;
			sourceTree = "<group>";
		};
		A1000007000000000000003A /* Services */ = {
			isa = PBXGroup;
			children = (
				A1000015000000000000000A /* DataExporter.swift */,
				43CA41D02F89724100D11E7D /* LocationManager.swift */,
				E7A986130363EAECA937D1B7 /* UITestSeed.swift */,
			);
			path = Services;
			sourceTree = "<group>";
		};
		B2000001000000000000003A /* ResistorTests */ = {
			isa = PBXGroup;
			children = (
				B2000001000000000000000A /* TestHelpers.swift */,
				B2000002000000000000000A /* InsightsViewModelTests.swift */,
				B2000099000000000000000A /* TimeOfDayDrillDownTests.swift */,
				B2000098000000000000000A /* QuickLogWidgetTests.swift */,
				B200009A000000000000000A /* WatchLogStoreLogicTests.swift */,
				B2000003000000000000000A /* TemptationEventTests.swift */,
				B2000004000000000000000A /* HabitsViewModelTests.swift */,
				B2000005000000000000000A /* LogViewModelTests.swift */,
				B2000006000000000000000A /* ColorHexTests.swift */,
				B2000007000000000000000A /* OnboardingViewModelTests.swift */,
				B2000008000000000000000A /* HabitTests.swift */,
				B2000009000000000000000A /* UserSettingsTests.swift */,
				B200000A000000000000000A /* IntegrationTests.swift */,
				B200000B000000000000000A /* InsightsViewModelPerformanceTests.swift */,
				B200000C000000000000000A /* TipJarViewModelTests.swift */,
				B200000D000000000000000A /* DataExporterTests.swift */,
			);
			path = ResistorTests;
			sourceTree = "<group>";
		};
		CE705E2CBA64036A22E00A5A /* iOS */ = {
			isa = PBXGroup;
			children = (
				D550B62AA43FA6F8E07A3859 /* Foundation.framework */,
			);
			name = iOS;
			sourceTree = "<group>";
		};
/* End PBXGroup section */

/* Begin PBXNativeTarget section */
		23E13FD62591E63A1BC9D959 /* ResistorWidget */ = {
			isa = PBXNativeTarget;
			buildConfigurationList = F06824B6E0DF7C31DAAB3F69 /* Build configuration list for PBXNativeTarget "ResistorWidget" */;
			buildPhases = (
				52C65BAE9D322E4A160B0946 /* Sources */,
				DAD9D7F0695C075577653FAA /* Frameworks */,
				BDA75F724765732A402420C1 /* Resources */,
			);
			buildRules = (
			);
			dependencies = (
			);
			name = ResistorWidget;
			productName = ResistorWidget;
			productReference = DF18F3D313F229C82C59743E /* ResistorWidget.appex */;
			productType = "com.apple.product-type.app-extension";
		};
		76E2CC07855EBA50C692CD07 /* ResistorWatch */ = {
			isa = PBXNativeTarget;
			buildConfigurationList = 59ADAD1C28CD641C4A87CE62 /* Build configuration list for PBXNativeTarget "ResistorWatch" */;
			buildPhases = (
				C64D20DB94A71551E1001DF7 /* Sources */,
				EC690A6CFBF7AE0C2D0F24E8 /* Frameworks */,
				86402CBD0E4435CE47DCD22A /* Resources */,
			);
			buildRules = (
			);
			dependencies = (
			);
			name = ResistorWatch;
			productName = ResistorWatch;
			productReference = 821F40704A2FEA56AED6D538 /* ResistorWatch.app */;
			productType = "com.apple.product-type.application";
		};
		A1000000000000000000004A /* Resistor */ = {
			isa = PBXNativeTarget;
			buildConfigurationList = A1000002000000000000005A /* Build configuration list for PBXNativeTarget "Resistor" */;
			buildPhases = (
				A1000001000000000000004A /* Sources */,
				A1000000000000000000002A /* Frameworks */,
				A1000002000000000000004A /* Resources */,
				521C92D8AE7DE0DF6402FFCC /* Embed Foundation Extensions */,
				B5A95AFB2123FDB1A8F861F4 /* Embed Watch Content */,
			);
			buildRules = (
			);
			dependencies = (
				30CBD047345AEEC1A47413D4 /* PBXTargetDependency */,
				D186095CB259AD43E77B8D73 /* PBXTargetDependency */,
			);
			name = Resistor;
			productName = Resistor;
			productReference = A1000000000000000000000A /* Resistor.app */;
			productType = "com.apple.product-type.application";
		};
		B2000000000000000000004A /* ResistorTests */ = {
			isa = PBXNativeTarget;
			buildConfigurationList = B2000001000000000000005A /* Build configuration list for PBXNativeTarget "ResistorTests" */;
			buildPhases = (
				B2000001000000000000004A /* Sources */,
				B2000000000000000000002A /* Frameworks */,
			);
			buildRules = (
			);
			dependencies = (
				B2000001000000000000008A /* PBXTargetDependency */,
			);
			name = ResistorTests;
			productName = ResistorTests;
			productReference = B2000000000000000000000A /* ResistorTests.xctest */;
			productType = "com.apple.product-type.bundle.unit-test";
		};
		B9F79058ED76416224DE5D15 /* ResistorUITests */ = {
			isa = PBXNativeTarget;
			buildConfigurationList = 8E2093EE44BA43A6B52F3E88 /* Build configuration list for PBXNativeTarget "ResistorUITests" */;
			buildPhases = (
				AAC7D9B4B927670E141B7E64 /* Sources */,
				89C43C4A14FC556B163FA582 /* Frameworks */,
				D3029735FB6B7E044A7646EB /* Resources */,
			);
			buildRules = (
			);
			dependencies = (
				810BE6D2447D5FA6B637022C /* PBXTargetDependency */,
			);
			name = ResistorUITests;
			productName = ResistorUITests;
			productReference = 912EC19ED1BF0A2FAA78B0EA /* ResistorUITests.xctest */;
			productType = "com.apple.product-type.bundle.ui-testing";
		};
/* End PBXNativeTarget section */

/* Begin PBXProject section */
		A1000000000000000000005A /* Project object */ = {
			isa = PBXProject;
			attributes = {
				BuildIndependentTargetsInParallel = 1;
				LastSwiftUpdateCheck = 1500;
				LastUpgradeCheck = 2630;
				TargetAttributes = {
					A1000000000000000000004A = {
						CreatedOnToolsVersion = 15.0;
					};
					B2000000000000000000004A = {
						CreatedOnToolsVersion = 15.0;
						TestTargetID = A1000000000000000000004A;
					};
				};
			};
			buildConfigurationList = A1000001000000000000005A /* Build configuration list for PBXProject "Resistor" */;
			compatibilityVersion = "Xcode 14.0";
			developmentRegion = en;
			hasScannedForEncodings = 0;
			knownRegions = (
				en,
				Base,
			);
			mainGroup = A1000000000000000000003A;
			productRefGroup = A1000002000000000000003A /* Products */;
			projectDirPath = "";
			projectRoot = "";
			targets = (
				A1000000000000000000004A /* Resistor */,
				B2000000000000000000004A /* ResistorTests */,
				B9F79058ED76416224DE5D15 /* ResistorUITests */,
				23E13FD62591E63A1BC9D959 /* ResistorWidget */,
				76E2CC07855EBA50C692CD07 /* ResistorWatch */,
			);
		};
/* End PBXProject section */

/* Begin PBXResourcesBuildPhase section */
		86402CBD0E4435CE47DCD22A /* Resources */ = {
			isa = PBXResourcesBuildPhase;
			buildActionMask = 2147483647;
			files = (
			);
			runOnlyForDeploymentPostprocessing = 0;
		};
		A1000002000000000000004A /* Resources */ = {
			isa = PBXResourcesBuildPhase;
			buildActionMask = 2147483647;
			files = (
				A100000F000000000000001A /* Assets.xcassets in Resources */,
			);
			runOnlyForDeploymentPostprocessing = 0;
		};
		BDA75F724765732A402420C1 /* Resources */ = {
			isa = PBXResourcesBuildPhase;
			buildActionMask = 2147483647;
			files = (
			);
			runOnlyForDeploymentPostprocessing = 0;
		};
		D3029735FB6B7E044A7646EB /* Resources */ = {
			isa = PBXResourcesBuildPhase;
			buildActionMask = 2147483647;
			files = (
			);
			runOnlyForDeploymentPostprocessing = 0;
		};
/* End PBXResourcesBuildPhase section */

/* Begin PBXSourcesBuildPhase section */
		52C65BAE9D322E4A160B0946 /* Sources */ = {
			isa = PBXSourcesBuildPhase;
			buildActionMask = 2147483647;
			files = (
				77053A802CD8451E81504253 /* HabitAppEntity.swift in Sources */,
				400E7DE395ECA6EA4C1D3F9E /* LogResistedIntent.swift in Sources */,
				16460213A8B00BBED48310E6 /* QuickLogProvider.swift in Sources */,
				3EB933B6532E4FB909C64487 /* QuickLogWidgetView.swift in Sources */,
				1678E0842EBF3ABBE56F3401 /* ResistorWidget.swift in Sources */,
				DDE9B5D235853D45E9B21BCD /* ResistorWidgetBundle.swift in Sources */,
				411562E8E9D44C6CAE3051F7 /* SelectHabitIntent.swift in Sources */,
				EE9C4D3F81EBC93818857F9D /* Habit.swift in Sources */,
				5B9352C836AFB5E055E3C7D8 /* TemptationEvent.swift in Sources */,
				0436E9E21A4995EE8549E6FE /* UserSettings.swift in Sources */,
				6338F6467C5189388ECC395C /* ContextTag.swift in Sources */,
				B63040D04E809F970FF44C72 /* Color+Hex.swift in Sources */,
				DB24B141241DF326D4B0E457 /* SharedModelContainer.swift in Sources */,
				8C41ECC1C5222C46E02AACD8 /* TemptationLogger.swift in Sources */,
			);
			runOnlyForDeploymentPostprocessing = 0;
		};
		A1000001000000000000004A /* Sources */ = {
			isa = PBXSourcesBuildPhase;
			buildActionMask = 2147483647;
			files = (
				A1000001000000000000001A /* ResistorApp.swift in Sources */,
				A1000002000000000000001A /* ContentView.swift in Sources */,
				A1000003000000000000001A /* LogView.swift in Sources */,
				43CA41D32F89730100D11E7D /* EventMapView.swift in Sources */,
				A1000004000000000000001A /* OnboardingView.swift in Sources */,
				A1000005000000000000001A /* HabitsView.swift in Sources */,
				A1000006000000000000001A /* InsightsView.swift in Sources */,
				A1000007000000000000001A /* LogViewModel.swift in Sources */,
				A1000008000000000000001A /* OnboardingViewModel.swift in Sources */,
				43CA41D12F89724100D11E7D /* LocationManager.swift in Sources */,
				A1000009000000000000001A /* HabitsViewModel.swift in Sources */,
				A100000A000000000000001A /* InsightsViewModel.swift in Sources */,
				A100000B000000000000001A /* Habit.swift in Sources */,
				A100000C000000000000001A /* TemptationEvent.swift in Sources */,
				A100000D000000000000001A /* UserSettings.swift in Sources */,
				C1000001000000000000001A /* ContextTag.swift in Sources */,
				A100000E000000000000001A /* Color+Hex.swift in Sources */,
				A1000011000000000000001A /* HistoryView.swift in Sources */,
				A1000012000000000000001A /* TipJarViewModel.swift in Sources */,
				A1000015000000000000001A /* DataExporter.swift in Sources */,
				D354EB66006655563DFD61FB /* UITestSeed.swift in Sources */,
				CC9B3EE69FC6CED9DA5C375D /* SharedModelContainer.swift in Sources */,
				5E290EEDAE694A24601B9B21 /* TemptationLogger.swift in Sources */,
			);
			runOnlyForDeploymentPostprocessing = 0;
		};
		AAC7D9B4B927670E141B7E64 /* Sources */ = {
			isa = PBXSourcesBuildPhase;
			buildActionMask = 2147483647;
			files = (
				D4CBA1C324611D3CB789BE3E /* SnapshotTests.swift in Sources */,
			);
			runOnlyForDeploymentPostprocessing = 0;
		};
		B2000001000000000000004A /* Sources */ = {
			isa = PBXSourcesBuildPhase;
			buildActionMask = 2147483647;
			files = (
				B2000001000000000000001A /* TestHelpers.swift in Sources */,
				B2000002000000000000001A /* InsightsViewModelTests.swift in Sources */,
				B2000099000000000000001A /* TimeOfDayDrillDownTests.swift in Sources */,
				B2000098000000000000001A /* QuickLogWidgetTests.swift in Sources */,
				B200009A000000000000001A /* WatchLogStoreLogicTests.swift in Sources */,
				B2000003000000000000001A /* TemptationEventTests.swift in Sources */,
				B2000004000000000000001A /* HabitsViewModelTests.swift in Sources */,
				B2000005000000000000001A /* LogViewModelTests.swift in Sources */,
				B2000006000000000000001A /* ColorHexTests.swift in Sources */,
				B2000007000000000000001A /* OnboardingViewModelTests.swift in Sources */,
				B2000008000000000000001A /* HabitTests.swift in Sources */,
				B2000009000000000000001A /* UserSettingsTests.swift in Sources */,
				B200000A000000000000001A /* IntegrationTests.swift in Sources */,
				B200000B000000000000001A /* InsightsViewModelPerformanceTests.swift in Sources */,
				B200000C000000000000001A /* TipJarViewModelTests.swift in Sources */,
				B200000D000000000000001A /* DataExporterTests.swift in Sources */,
			);
			runOnlyForDeploymentPostprocessing = 0;
		};
		C64D20DB94A71551E1001DF7 /* Sources */ = {
			isa = PBXSourcesBuildPhase;
			buildActionMask = 2147483647;
			files = (
				8132D3C8C3A433BC0731783F /* ResistorWatchApp.swift in Sources */,
				6AD46C3EBEED5D591162E51E /* WatchLogStore.swift in Sources */,
				62975B4D5E55D6B9286A334D /* WatchLogView.swift in Sources */,
				9D3EDFD17E3756C5D1FCB5E7 /* WatchModelContainer.swift in Sources */,
				C5AA35ACCC7EE25DC1CEB045 /* Habit.swift in Sources */,
				473FA6570E3A8419D4FE1399 /* TemptationEvent.swift in Sources */,
				E9EDE74E8B6B57BC689F9C14 /* UserSettings.swift in Sources */,
				BBE9A6248488296F235D2346 /* ContextTag.swift in Sources */,
				5577480B2A50DEAC74829F3E /* Color+Hex.swift in Sources */,
				EAEF7E8BCE46317330387F07 /* TemptationLogger.swift in Sources */,
			);
			runOnlyForDeploymentPostprocessing = 0;
		};
/* End PBXSourcesBuildPhase section */

/* Begin PBXTargetDependency section */
		30CBD047345AEEC1A47413D4 /* PBXTargetDependency */ = {
			isa = PBXTargetDependency;
			name = ResistorWidget;
			target = 23E13FD62591E63A1BC9D959 /* ResistorWidget */;
			targetProxy = 7DB295D4016A1962AD804F76 /* PBXContainerItemProxy */;
		};
		810BE6D2447D5FA6B637022C /* PBXTargetDependency */ = {
			isa = PBXTargetDependency;
			name = Resistor;
			target = A1000000000000000000004A /* Resistor */;
			targetProxy = DB19973F018B8962B41E9727 /* PBXContainerItemProxy */;
		};
		B2000001000000000000008A /* PBXTargetDependency */ = {
			isa = PBXTargetDependency;
			target = A1000000000000000000004A /* Resistor */;
			targetProxy = B2000001000000000000007A /* PBXContainerItemProxy */;
		};
		D186095CB259AD43E77B8D73 /* PBXTargetDependency */ = {
			isa = PBXTargetDependency;
			name = ResistorWatch;
			target = 76E2CC07855EBA50C692CD07 /* ResistorWatch */;
			targetProxy = 2F89A86D9FE69A633B05F7FB /* PBXContainerItemProxy */;
		};
/* End PBXTargetDependency section */

/* Begin XCBuildConfiguration section */
		0131C3D772940933BB081C62 /* Release */ = {
			isa = XCBuildConfiguration;
			buildSettings = {
				CLANG_ENABLE_OBJC_WEAK = NO;
				CODE_SIGN_STYLE = Automatic;
				DEVELOPMENT_TEAM = HBXLU45HR7;
				GENERATE_INFOPLIST_FILE = YES;
				IPHONEOS_DEPLOYMENT_TARGET = 17.0;
				PRODUCT_BUNDLE_IDENTIFIER = com.resistor.app.ResistorUITests;
				PRODUCT_NAME = "$(TARGET_NAME)";
				SDKROOT = iphoneos;
				SWIFT_EMIT_LOC_STRINGS = NO;
				SWIFT_VERSION = 5.0;
				TARGETED_DEVICE_FAMILY = 1;
				TEST_TARGET_NAME = Resistor;
				VALIDATE_PRODUCT = YES;
			};
			name = Release;
		};
		1C63783B50430CC7C0A4B44E /* Debug */ = {
			isa = XCBuildConfiguration;
			buildSettings = {
				CLANG_ENABLE_OBJC_WEAK = NO;
				CODE_SIGN_STYLE = Automatic;
				DEVELOPMENT_TEAM = HBXLU45HR7;
				GENERATE_INFOPLIST_FILE = YES;
				IPHONEOS_DEPLOYMENT_TARGET = 17.0;
				PRODUCT_BUNDLE_IDENTIFIER = com.resistor.app.ResistorUITests;
				PRODUCT_NAME = "$(TARGET_NAME)";
				SDKROOT = iphoneos;
				SWIFT_EMIT_LOC_STRINGS = NO;
				SWIFT_VERSION = 5.0;
				TARGETED_DEVICE_FAMILY = 1;
				TEST_TARGET_NAME = Resistor;
			};
			name = Debug;
		};
		3FA008DE69D5C7186ACE7D71 /* Debug */ = {
			isa = XCBuildConfiguration;
			buildSettings = {
				ALWAYS_EMBED_SWIFT_STANDARD_LIBRARIES = YES;
				ASSETCATALOG_COMPILER_APPICON_NAME = AppIcon;
				ASSETCATALOG_COMPILER_GLOBAL_ACCENT_COLOR_NAME = AccentColor;
				CODE_SIGN_ENTITLEMENTS = ResistorWatch/ResistorWatch.entitlements;
				CODE_SIGN_STYLE = Automatic;
				CURRENT_PROJECT_VERSION = 1;
				DEVELOPMENT_TEAM = HBXLU45HR7;
				ENABLE_PREVIEWS = YES;
				GENERATE_INFOPLIST_FILE = YES;
				INFOPLIST_FILE = ResistorWatch/Info.plist;
				INFOPLIST_KEY_CFBundleDisplayName = Resistor;
				INFOPLIST_KEY_UISupportedInterfaceOrientations = "UIInterfaceOrientationPortrait UIInterfaceOrientationPortraitUpsideDown";
				INFOPLIST_KEY_WKApplication = YES;
				INFOPLIST_KEY_WKCompanionAppBundleIdentifier = com.resistor.app;
				LD_RUNPATH_SEARCH_PATHS = (
					"$(inherited)",
					"@executable_path/Frameworks",
				);
				MARKETING_VERSION = 1.0.0;
				PRODUCT_BUNDLE_IDENTIFIER = com.resistor.app.watchkitapp;
				PRODUCT_NAME = "$(TARGET_NAME)";
				SDKROOT = watchos;
				SKIP_INSTALL = YES;
				SUPPORTED_PLATFORMS = "watchos watchsimulator";
				SUPPORTS_MACCATALYST = NO;
				SWIFT_EMIT_LOC_STRINGS = YES;
				SWIFT_VERSION = 5.0;
				TARGETED_DEVICE_FAMILY = 4;
				WATCHOS_DEPLOYMENT_TARGET = 10.0;
			};
			name = Debug;
		};
		61540A9A9B587FC3F377BEFA /* Debug */ = {
			isa = XCBuildConfiguration;
			buildSettings = {
				CLANG_ENABLE_OBJC_WEAK = NO;
				CODE_SIGN_ENTITLEMENTS = ResistorWidget/ResistorWidget.entitlements;
				CODE_SIGN_STYLE = Automatic;
				CURRENT_PROJECT_VERSION = 1;
				DEVELOPMENT_TEAM = HBXLU45HR7;
				GENERATE_INFOPLIST_FILE = YES;
				INFOPLIST_FILE = ResistorWidget/Info.plist;
				INFOPLIST_KEY_CFBundleDisplayName = Resistor;
				INFOPLIST_KEY_NSHumanReadableCopyright = "";
				IPHONEOS_DEPLOYMENT_TARGET = 17.0;
				LD_RUNPATH_SEARCH_PATHS = (
					"$(inherited)",
					"@executable_path/Frameworks",
					"@executable_path/../../Frameworks",
				);
				MARKETING_VERSION = 1.0.0;
				PRODUCT_BUNDLE_IDENTIFIER = com.resistor.app.ResistorWidget;
				PRODUCT_NAME = "$(TARGET_NAME)";
				SDKROOT = iphoneos;
				SKIP_INSTALL = YES;
				SUPPORTED_PLATFORMS = "iphoneos iphonesimulator";
				SUPPORTS_MACCATALYST = NO;
				SWIFT_EMIT_LOC_STRINGS = YES;
				SWIFT_VERSION = 5.0;
				TARGETED_DEVICE_FAMILY = 1;
			};
			name = Debug;
		};
		9691103CC2D945FFDAE86DCB /* Release */ = {
			isa = XCBuildConfiguration;
			buildSettings = {
				CLANG_ENABLE_OBJC_WEAK = NO;
				CODE_SIGN_ENTITLEMENTS = ResistorWidget/ResistorWidget.entitlements;
				CODE_SIGN_STYLE = Automatic;
				CURRENT_PROJECT_VERSION = 1;
				DEVELOPMENT_TEAM = HBXLU45HR7;
				GENERATE_INFOPLIST_FILE = YES;
				INFOPLIST_FILE = ResistorWidget/Info.plist;
				INFOPLIST_KEY_CFBundleDisplayName = Resistor;
				INFOPLIST_KEY_NSHumanReadableCopyright = "";
				IPHONEOS_DEPLOYMENT_TARGET = 17.0;
				LD_RUNPATH_SEARCH_PATHS = (
					"$(inherited)",
					"@executable_path/Frameworks",
					"@executable_path/../../Frameworks",
				);
				MARKETING_VERSION = 1.0.0;
				PRODUCT_BUNDLE_IDENTIFIER = com.resistor.app.ResistorWidget;
				PRODUCT_NAME = "$(TARGET_NAME)";
				SDKROOT = iphoneos;
				SKIP_INSTALL = YES;
				SUPPORTED_PLATFORMS = "iphoneos iphonesimulator";
				SUPPORTS_MACCATALYST = NO;
				SWIFT_EMIT_LOC_STRINGS = YES;
				SWIFT_VERSION = 5.0;
				TARGETED_DEVICE_FAMILY = 1;
				VALIDATE_PRODUCT = YES;
			};
			name = Release;
		};
		A1000001000000000000006A /* Debug */ = {
			isa = XCBuildConfiguration;
			buildSettings = {
				ALWAYS_SEARCH_USER_PATHS = NO;
				ASSETCATALOG_COMPILER_GENERATE_SWIFT_ASSET_SYMBOL_EXTENSIONS = YES;
				CLANG_ANALYZER_NONNULL = YES;
				CLANG_ANALYZER_NUMBER_OBJECT_CONVERSION = YES_AGGRESSIVE;
				CLANG_CXX_LANGUAGE_STANDARD = "gnu++20";
				CLANG_ENABLE_MODULES = YES;
				CLANG_ENABLE_OBJC_ARC = YES;
				CLANG_ENABLE_OBJC_WEAK = YES;
				CLANG_WARN_BLOCK_CAPTURE_AUTORELEASING = YES;
				CLANG_WARN_BOOL_CONVERSION = YES;
				CLANG_WARN_COMMA = YES;
				CLANG_WARN_CONSTANT_CONVERSION = YES;
				CLANG_WARN_DEPRECATED_OBJC_IMPLEMENTATIONS = YES;
				CLANG_WARN_DIRECT_OBJC_ISA_USAGE = YES_ERROR;
				CLANG_WARN_DOCUMENTATION_COMMENTS = YES;
				CLANG_WARN_EMPTY_BODY = YES;
				CLANG_WARN_ENUM_CONVERSION = YES;
				CLANG_WARN_INFINITE_RECURSION = YES;
				CLANG_WARN_INT_CONVERSION = YES;
				CLANG_WARN_NON_LITERAL_NULL_CONVERSION = YES;
				CLANG_WARN_OBJC_IMPLICIT_RETAIN_SELF = YES;
				CLANG_WARN_OBJC_LITERAL_CONVERSION = YES;
				CLANG_WARN_OBJC_ROOT_CLASS = YES_ERROR;
				CLANG_WARN_QUOTED_INCLUDE_IN_FRAMEWORK_HEADER = YES;
				CLANG_WARN_RANGE_LOOP_ANALYSIS = YES;
				CLANG_WARN_STRICT_PROTOTYPES = YES;
				CLANG_WARN_SUSPICIOUS_MOVE = YES;
				CLANG_WARN_UNGUARDED_AVAILABILITY = YES_AGGRESSIVE;
				CLANG_WARN_UNREACHABLE_CODE = YES;
				CLANG_WARN__DUPLICATE_METHOD_MATCH = YES;
				COPY_PHASE_STRIP = NO;
				DEBUG_INFORMATION_FORMAT = dwarf;
				DEVELOPMENT_TEAM = HBXLU45HR7;
				ENABLE_STRICT_OBJC_MSGSEND = YES;
				ENABLE_TESTABILITY = YES;
				ENABLE_USER_SCRIPT_SANDBOXING = YES;
				GCC_C_LANGUAGE_STANDARD = gnu17;
				GCC_DYNAMIC_NO_PIC = NO;
				GCC_NO_COMMON_BLOCKS = YES;
				GCC_OPTIMIZATION_LEVEL = 0;
				GCC_PREPROCESSOR_DEFINITIONS = (
					"DEBUG=1",
					"$(inherited)",
				);
				GCC_WARN_64_TO_32_BIT_CONVERSION = YES;
				GCC_WARN_ABOUT_RETURN_TYPE = YES_ERROR;
				GCC_WARN_UNDECLARED_SELECTOR = YES;
				GCC_WARN_UNINITIALIZED_AUTOS = YES_AGGRESSIVE;
				GCC_WARN_UNUSED_FUNCTION = YES;
				GCC_WARN_UNUSED_VARIABLE = YES;
				IPHONEOS_DEPLOYMENT_TARGET = 17.0;
				LOCALIZATION_PREFERS_STRING_CATALOGS = YES;
				MTL_ENABLE_DEBUG_INFO = INCLUDE_SOURCE;
				MTL_FAST_MATH = YES;
				ONLY_ACTIVE_ARCH = YES;
				SDKROOT = iphoneos;
				STRING_CATALOG_GENERATE_SYMBOLS = YES;
				SWIFT_ACTIVE_COMPILATION_CONDITIONS = "DEBUG $(inherited)";
				SWIFT_OPTIMIZATION_LEVEL = "-Onone";
			};
			name = Debug;
		};
		A1000002000000000000006A /* Release */ = {
			isa = XCBuildConfiguration;
			buildSettings = {
				ALWAYS_SEARCH_USER_PATHS = NO;
				ASSETCATALOG_COMPILER_GENERATE_SWIFT_ASSET_SYMBOL_EXTENSIONS = YES;
				CLANG_ANALYZER_NONNULL = YES;
				CLANG_ANALYZER_NUMBER_OBJECT_CONVERSION = YES_AGGRESSIVE;
				CLANG_CXX_LANGUAGE_STANDARD = "gnu++20";
				CLANG_ENABLE_MODULES = YES;
				CLANG_ENABLE_OBJC_ARC = YES;
				CLANG_ENABLE_OBJC_WEAK = YES;
				CLANG_WARN_BLOCK_CAPTURE_AUTORELEASING = YES;
				CLANG_WARN_BOOL_CONVERSION = YES;
				CLANG_WARN_COMMA = YES;
				CLANG_WARN_CONSTANT_CONVERSION = YES;
				CLANG_WARN_DEPRECATED_OBJC_IMPLEMENTATIONS = YES;
				CLANG_WARN_DIRECT_OBJC_ISA_USAGE = YES_ERROR;
				CLANG_WARN_DOCUMENTATION_COMMENTS = YES;
				CLANG_WARN_EMPTY_BODY = YES;
				CLANG_WARN_ENUM_CONVERSION = YES;
				CLANG_WARN_INFINITE_RECURSION = YES;
				CLANG_WARN_INT_CONVERSION = YES;
				CLANG_WARN_NON_LITERAL_NULL_CONVERSION = YES;
				CLANG_WARN_OBJC_IMPLICIT_RETAIN_SELF = YES;
				CLANG_WARN_OBJC_LITERAL_CONVERSION = YES;
				CLANG_WARN_OBJC_ROOT_CLASS = YES_ERROR;
				CLANG_WARN_QUOTED_INCLUDE_IN_FRAMEWORK_HEADER = YES;
				CLANG_WARN_RANGE_LOOP_ANALYSIS = YES;
				CLANG_WARN_STRICT_PROTOTYPES = YES;
				CLANG_WARN_SUSPICIOUS_MOVE = YES;
				CLANG_WARN_UNGUARDED_AVAILABILITY = YES_AGGRESSIVE;
				CLANG_WARN_UNREACHABLE_CODE = YES;
				CLANG_WARN__DUPLICATE_METHOD_MATCH = YES;
				COPY_PHASE_STRIP = NO;
				DEBUG_INFORMATION_FORMAT = "dwarf-with-dsym";
				DEVELOPMENT_TEAM = HBXLU45HR7;
				ENABLE_NS_ASSERTIONS = NO;
				ENABLE_STRICT_OBJC_MSGSEND = YES;
				ENABLE_USER_SCRIPT_SANDBOXING = YES;
				GCC_C_LANGUAGE_STANDARD = gnu17;
				GCC_NO_COMMON_BLOCKS = YES;
				GCC_WARN_64_TO_32_BIT_CONVERSION = YES;
				GCC_WARN_ABOUT_RETURN_TYPE = YES_ERROR;
				GCC_WARN_UNDECLARED_SELECTOR = YES;
				GCC_WARN_UNINITIALIZED_AUTOS = YES_AGGRESSIVE;
				GCC_WARN_UNUSED_FUNCTION = YES;
				GCC_WARN_UNUSED_VARIABLE = YES;
				IPHONEOS_DEPLOYMENT_TARGET = 17.0;
				LOCALIZATION_PREFERS_STRING_CATALOGS = YES;
				MTL_ENABLE_DEBUG_INFO = NO;
				MTL_FAST_MATH = YES;
				SDKROOT = iphoneos;
				STRING_CATALOG_GENERATE_SYMBOLS = YES;
				SWIFT_COMPILATION_MODE = wholemodule;
				VALIDATE_PRODUCT = YES;
			};
			name = Release;
		};
		A1000003000000000000006A /* Debug */ = {
			isa = XCBuildConfiguration;
			buildSettings = {
				ASSETCATALOG_COMPILER_APPICON_NAME = AppIcon;
				ASSETCATALOG_COMPILER_GLOBAL_ACCENT_COLOR_NAME = AccentColor;
				CODE_SIGN_ENTITLEMENTS = Resistor/Resistor.entitlements;
				CODE_SIGN_STYLE = Automatic;
				CURRENT_PROJECT_VERSION = 1;
				DEVELOPMENT_TEAM = HBXLU45HR7;
				ENABLE_PREVIEWS = YES;
				GENERATE_INFOPLIST_FILE = YES;
				INFOPLIST_KEY_CFBundleDisplayName = Resistor;
				INFOPLIST_KEY_LSApplicationCategoryType = "public.app-category.healthcare-fitness";
				INFOPLIST_KEY_NSLocationWhenInUseUsageDescription = "Needed to track resistance locations.";
				INFOPLIST_KEY_UIApplicationSceneManifest_Generation = YES;
				INFOPLIST_KEY_UIApplicationSupportsIndirectInputEvents = YES;
				INFOPLIST_KEY_UILaunchScreen_Generation = YES;
				INFOPLIST_KEY_UISupportedInterfaceOrientations = UIInterfaceOrientationPortrait;
				INFOPLIST_KEY_UISupportedInterfaceOrientations_iPad = "UIInterfaceOrientationLandscapeLeft UIInterfaceOrientationLandscapeRight UIInterfaceOrientationPortrait UIInterfaceOrientationPortraitUpsideDown";
				LD_RUNPATH_SEARCH_PATHS = (
					"$(inherited)",
					"@executable_path/Frameworks",
				);
				MARKETING_VERSION = 1.0.0;
				PRODUCT_BUNDLE_IDENTIFIER = com.resistor.app;
				PRODUCT_NAME = "$(TARGET_NAME)";
				SUPPORTED_PLATFORMS = "iphoneos iphonesimulator";
				SUPPORTS_MACCATALYST = NO;
				SWIFT_EMIT_LOC_STRINGS = YES;
				SWIFT_VERSION = 5.0;
				TARGETED_DEVICE_FAMILY = 1;
			};
			name = Debug;
		};
		A1000004000000000000006A /* Release */ = {
			isa = XCBuildConfiguration;
			buildSettings = {
				ASSETCATALOG_COMPILER_APPICON_NAME = AppIcon;
				ASSETCATALOG_COMPILER_GLOBAL_ACCENT_COLOR_NAME = AccentColor;
				CODE_SIGN_ENTITLEMENTS = Resistor/Resistor.entitlements;
				CODE_SIGN_STYLE = Automatic;
				CURRENT_PROJECT_VERSION = 1;
				DEVELOPMENT_TEAM = HBXLU45HR7;
				ENABLE_PREVIEWS = YES;
				GENERATE_INFOPLIST_FILE = YES;
				INFOPLIST_KEY_CFBundleDisplayName = Resistor;
				INFOPLIST_KEY_LSApplicationCategoryType = "public.app-category.healthcare-fitness";
				INFOPLIST_KEY_NSLocationWhenInUseUsageDescription = "Needed to track resistance locations.";
				INFOPLIST_KEY_UIApplicationSceneManifest_Generation = YES;
				INFOPLIST_KEY_UIApplicationSupportsIndirectInputEvents = YES;
				INFOPLIST_KEY_UILaunchScreen_Generation = YES;
				INFOPLIST_KEY_UISupportedInterfaceOrientations = UIInterfaceOrientationPortrait;
				INFOPLIST_KEY_UISupportedInterfaceOrientations_iPad = "UIInterfaceOrientationLandscapeLeft UIInterfaceOrientationLandscapeRight UIInterfaceOrientationPortrait UIInterfaceOrientationPortraitUpsideDown";
				LD_RUNPATH_SEARCH_PATHS = (
					"$(inherited)",
					"@executable_path/Frameworks",
				);
				MARKETING_VERSION = 1.0.0;
				PRODUCT_BUNDLE_IDENTIFIER = com.resistor.app;
				PRODUCT_NAME = "$(TARGET_NAME)";
				SUPPORTED_PLATFORMS = "iphoneos iphonesimulator";
				SUPPORTS_MACCATALYST = NO;
				SWIFT_EMIT_LOC_STRINGS = YES;
				SWIFT_VERSION = 5.0;
				TARGETED_DEVICE_FAMILY = 1;
			};
			name = Release;
		};
		B2000001000000000000006A /* Debug */ = {
			isa = XCBuildConfiguration;
			buildSettings = {
				BUNDLE_LOADER = "$(TEST_HOST)";
				CODE_SIGN_STYLE = Automatic;
				CURRENT_PROJECT_VERSION = 1;
				GENERATE_INFOPLIST_FILE = YES;
				IPHONEOS_DEPLOYMENT_TARGET = 17.0;
				MARKETING_VERSION = 1.0;
				PRODUCT_BUNDLE_IDENTIFIER = com.resistor.app.ResistorTests;
				PRODUCT_NAME = "$(TARGET_NAME)";
				SUPPORTED_PLATFORMS = "iphoneos iphonesimulator";
				SUPPORTS_MACCATALYST = NO;
				SWIFT_EMIT_LOC_STRINGS = NO;
				SWIFT_VERSION = 5.0;
				TARGETED_DEVICE_FAMILY = 1;
				TEST_HOST = "$(BUILT_PRODUCTS_DIR)/Resistor.app/$(BUNDLE_EXECUTABLE_FOLDER_PATH)/Resistor";
			};
			name = Debug;
		};
		B2000002000000000000006A /* Release */ = {
			isa = XCBuildConfiguration;
			buildSettings = {
				BUNDLE_LOADER = "$(TEST_HOST)";
				CODE_SIGN_STYLE = Automatic;
				CURRENT_PROJECT_VERSION = 1;
				GENERATE_INFOPLIST_FILE = YES;
				IPHONEOS_DEPLOYMENT_TARGET = 17.0;
				MARKETING_VERSION = 1.0;
				PRODUCT_BUNDLE_IDENTIFIER = com.resistor.app.ResistorTests;
				PRODUCT_NAME = "$(TARGET_NAME)";
				SUPPORTED_PLATFORMS = "iphoneos iphonesimulator";
				SUPPORTS_MACCATALYST = NO;
				SWIFT_EMIT_LOC_STRINGS = NO;
				SWIFT_VERSION = 5.0;
				TARGETED_DEVICE_FAMILY = 1;
				TEST_HOST = "$(BUILT_PRODUCTS_DIR)/Resistor.app/$(BUNDLE_EXECUTABLE_FOLDER_PATH)/Resistor";
			};
			name = Release;
		};
		BE6BD1A602F74A1CB179236A /* Release */ = {
			isa = XCBuildConfiguration;
			buildSettings = {
				ALWAYS_EMBED_SWIFT_STANDARD_LIBRARIES = YES;
				ASSETCATALOG_COMPILER_APPICON_NAME = AppIcon;
				ASSETCATALOG_COMPILER_GLOBAL_ACCENT_COLOR_NAME = AccentColor;
				CODE_SIGN_ENTITLEMENTS = ResistorWatch/ResistorWatch.entitlements;
				CODE_SIGN_STYLE = Automatic;
				CURRENT_PROJECT_VERSION = 1;
				DEVELOPMENT_TEAM = HBXLU45HR7;
				ENABLE_PREVIEWS = YES;
				GENERATE_INFOPLIST_FILE = YES;
				INFOPLIST_FILE = ResistorWatch/Info.plist;
				INFOPLIST_KEY_CFBundleDisplayName = Resistor;
				INFOPLIST_KEY_UISupportedInterfaceOrientations = "UIInterfaceOrientationPortrait UIInterfaceOrientationPortraitUpsideDown";
				INFOPLIST_KEY_WKApplication = YES;
				INFOPLIST_KEY_WKCompanionAppBundleIdentifier = com.resistor.app;
				LD_RUNPATH_SEARCH_PATHS = (
					"$(inherited)",
					"@executable_path/Frameworks",
				);
				MARKETING_VERSION = 1.0.0;
				PRODUCT_BUNDLE_IDENTIFIER = com.resistor.app.watchkitapp;
				PRODUCT_NAME = "$(TARGET_NAME)";
				SDKROOT = watchos;
				SKIP_INSTALL = YES;
				SUPPORTED_PLATFORMS = "watchos watchsimulator";
				SUPPORTS_MACCATALYST = NO;
				SWIFT_EMIT_LOC_STRINGS = YES;
				SWIFT_VERSION = 5.0;
				TARGETED_DEVICE_FAMILY = 4;
				VALIDATE_PRODUCT = YES;
				WATCHOS_DEPLOYMENT_TARGET = 10.0;
			};
			name = Release;
		};
/* End XCBuildConfiguration section */

/* Begin XCConfigurationList section */
		59ADAD1C28CD641C4A87CE62 /* Build configuration list for PBXNativeTarget "ResistorWatch" */ = {
			isa = XCConfigurationList;
			buildConfigurations = (
				BE6BD1A602F74A1CB179236A /* Release */,
				3FA008DE69D5C7186ACE7D71 /* Debug */,
			);
			defaultConfigurationIsVisible = 0;
			defaultConfigurationName = Release;
		};
		8E2093EE44BA43A6B52F3E88 /* Build configuration list for PBXNativeTarget "ResistorUITests" */ = {
			isa = XCConfigurationList;
			buildConfigurations = (
				0131C3D772940933BB081C62 /* Release */,
				1C63783B50430CC7C0A4B44E /* Debug */,
			);
			defaultConfigurationIsVisible = 0;
			defaultConfigurationName = Release;
		};
		A1000001000000000000005A /* Build configuration list for PBXProject "Resistor" */ = {
			isa = XCConfigurationList;
			buildConfigurations = (
				A1000001000000000000006A /* Debug */,
				A1000002000000000000006A /* Release */,
			);
			defaultConfigurationIsVisible = 0;
			defaultConfigurationName = Release;
		};
		A1000002000000000000005A /* Build configuration list for PBXNativeTarget "Resistor" */ = {
			isa = XCConfigurationList;
			buildConfigurations = (
				A1000003000000000000006A /* Debug */,
				A1000004000000000000006A /* Release */,
			);
			defaultConfigurationIsVisible = 0;
			defaultConfigurationName = Release;
		};
		B2000001000000000000005A /* Build configuration list for PBXNativeTarget "ResistorTests" */ = {
			isa = XCConfigurationList;
			buildConfigurations = (
				B2000001000000000000006A /* Debug */,
				B2000002000000000000006A /* Release */,
			);
			defaultConfigurationIsVisible = 0;
			defaultConfigurationName = Release;
		};
		F06824B6E0DF7C31DAAB3F69 /* Build configuration list for PBXNativeTarget "ResistorWidget" */ = {
			isa = XCConfigurationList;
			buildConfigurations = (
				9691103CC2D945FFDAE86DCB /* Release */,
				61540A9A9B587FC3F377BEFA /* Debug */,
			);
			defaultConfigurationIsVisible = 0;
			defaultConfigurationName = Release;
		};
/* End XCConfigurationList section */
	};
	rootObject = A1000000000000000000005A /* Project object */;
}
